// !$*UTF8*$!
{
	archiveVersion = 1;
	classes = {
	};
	objectVersion = 56;
	objects = {

/* Begin PBXBuildFile section */
		43C972042A4987D6000D1E6B /* LibraryView.swift in Sources */ = {isa = PBXBuildFile; fileRef = 43C972032A4987D6000D1E6B /* LibraryView.swift */; };
		43C972072A498A32000D1E6B /* ImagePicker.swift in Sources */ = {isa = PBXBuildFile; fileRef = 43C972062A498A32000D1E6B /* ImagePicker.swift */; };
		43C9720B2A498A7C000D1E6B /* DocumentPicker.swift in Sources */ = {isa = PBXBuildFile; fileRef = 43C9720A2A498A7C000D1E6B /* DocumentPicker.swift */; };
		43C9720D2A4A9AEA000D1E6B /* DocumentCellView.swift in Sources */ = {isa = PBXBuildFile; fileRef = 43C9720C2A4A9AEA000D1E6B /* DocumentCellView.swift */; };
		43C9720F2A4AF081000D1E6B /* LibraryViewModel.swift in Sources */ = {isa = PBXBuildFile; fileRef = 43C9720E2A4AF081000D1E6B /* LibraryViewModel.swift */; };
		43C972122A4C344F000D1E6B /* LoaderView.swift in Sources */ = {isa = PBXBuildFile; fileRef = 43C972112A4C344F000D1E6B /* LoaderView.swift */; };
		43C972142A4C362F000D1E6B /* WebView.swift in Sources */ = {isa = PBXBuildFile; fileRef = 43C972132A4C362F000D1E6B /* WebView.swift */; };
		43C972162A4C36D2000D1E6B /* FileViewerView.swift in Sources */ = {isa = PBXBuildFile; fileRef = 43C972152A4C36D2000D1E6B /* FileViewerView.swift */; };
		76DDDED12A492AEE00BA9F18 /* TestView.swift in Sources */ = {isa = PBXBuildFile; fileRef = 76DDDED02A492AEE00BA9F18 /* TestView.swift */; };
		76DDDED32A49690500BA9F18 /* DummyUI.swift in Sources */ = {isa = PBXBuildFile; fileRef = 76DDDED22A49690500BA9F18 /* DummyUI.swift */; };
		76F50FC32A47CD4500D62826 /* CommunityViewModel.swift in Sources */ = {isa = PBXBuildFile; fileRef = 76F50FC22A47CD4500D62826 /* CommunityViewModel.swift */; };
		835024482A4474AB004FB6B0 /* LoginPageView.swift in Sources */ = {isa = PBXBuildFile; fileRef = 835024472A4474AB004FB6B0 /* LoginPageView.swift */; };
		8350244A2A44754C004FB6B0 /* RegisterPageView.swift in Sources */ = {isa = PBXBuildFile; fileRef = 835024492A44754C004FB6B0 /* RegisterPageView.swift */; };
		8350244D2A447598004FB6B0 /* OnboardingPageView.swift in Sources */ = {isa = PBXBuildFile; fileRef = 8350244C2A447598004FB6B0 /* OnboardingPageView.swift */; };
		83B64C472A46E4F900CACF2C /* CommunityPageView.swift in Sources */ = {isa = PBXBuildFile; fileRef = 83B64C462A46E4F900CACF2C /* CommunityPageView.swift */; };
		83B64C492A46E51100CACF2C /* HeaderComponent.swift in Sources */ = {isa = PBXBuildFile; fileRef = 83B64C482A46E51100CACF2C /* HeaderComponent.swift */; };
		83B64C4B2A46E52800CACF2C /* CardComponent.swift in Sources */ = {isa = PBXBuildFile; fileRef = 83B64C4A2A46E52800CACF2C /* CardComponent.swift */; };
		83B64C4D2A46E54500CACF2C /* CustomRoundedButton.swift in Sources */ = {isa = PBXBuildFile; fileRef = 83B64C4C2A46E54500CACF2C /* CustomRoundedButton.swift */; };
		83B64C4F2A46E5BE00CACF2C /* DiscoverPageView.swift in Sources */ = {isa = PBXBuildFile; fileRef = 83B64C4E2A46E5BE00CACF2C /* DiscoverPageView.swift */; };
		83B64C512A46E5D000CACF2C /* ProfilePageView.swift in Sources */ = {isa = PBXBuildFile; fileRef = 83B64C502A46E5D000CACF2C /* ProfilePageView.swift */; };
		83B64C532A46E5F100CACF2C /* ProfileHeaderComponent.swift in Sources */ = {isa = PBXBuildFile; fileRef = 83B64C522A46E5F100CACF2C /* ProfileHeaderComponent.swift */; };
		83B64C552A46E5FE00CACF2C /* BadgeComponent.swift in Sources */ = {isa = PBXBuildFile; fileRef = 83B64C542A46E5FE00CACF2C /* BadgeComponent.swift */; };
		83B64C572A46E61D00CACF2C /* TabBarNavigation.swift in Sources */ = {isa = PBXBuildFile; fileRef = 83B64C562A46E61D00CACF2C /* TabBarNavigation.swift */; };
		83B64C592A46E81E00CACF2C /* CreateCommunityPageView.swift in Sources */ = {isa = PBXBuildFile; fileRef = 83B64C582A46E81E00CACF2C /* CreateCommunityPageView.swift */; };
		83B64C5F2A4BD49E00CACF2C /* BadgeEarnedView.swift in Sources */ = {isa = PBXBuildFile; fileRef = 83B64C5E2A4BD49E00CACF2C /* BadgeEarnedView.swift */; };
		83B64C692A4D83B200CACF2C /* InterestPageView.swift in Sources */ = {isa = PBXBuildFile; fileRef = 83B64C682A4D83B200CACF2C /* InterestPageView.swift */; };
		83B64C6B2A4D83CF00CACF2C /* PillsButton.swift in Sources */ = {isa = PBXBuildFile; fileRef = 83B64C6A2A4D83CF00CACF2C /* PillsButton.swift */; };
		8D1C56D52A48536500FFF620 /* ChatRoomView.swift in Sources */ = {isa = PBXBuildFile; fileRef = 8D1C56D42A48536500FFF620 /* ChatRoomView.swift */; };
		8DB10F4E2A48587E000A21F0 /* ChatRoomInfoComponent.swift in Sources */ = {isa = PBXBuildFile; fileRef = 8DB10F4D2A48587E000A21F0 /* ChatRoomInfoComponent.swift */; };
		8DB10F502A4859C1000A21F0 /* MessageBubbleComponent.swift in Sources */ = {isa = PBXBuildFile; fileRef = 8DB10F4F2A4859C1000A21F0 /* MessageBubbleComponent.swift */; };
		8DB10F522A485A3B000A21F0 /* StudyScheduleComponent.swift in Sources */ = {isa = PBXBuildFile; fileRef = 8DB10F512A485A3B000A21F0 /* StudyScheduleComponent.swift */; };
		8DB10F542A485A71000A21F0 /* MessageInputComponent.swift in Sources */ = {isa = PBXBuildFile; fileRef = 8DB10F532A485A71000A21F0 /* MessageInputComponent.swift */; };
		8DB10F562A485AE5000A21F0 /* SetScheduleView.swift in Sources */ = {isa = PBXBuildFile; fileRef = 8DB10F552A485AE5000A21F0 /* SetScheduleView.swift */; };
		8DB10F5C2A498F79000A21F0 /* ChatMembersView.swift in Sources */ = {isa = PBXBuildFile; fileRef = 8DB10F5B2A498F79000A21F0 /* ChatMembersView.swift */; };
		8DB10F5E2A49903E000A21F0 /* MembersBubbleComponent.swift in Sources */ = {isa = PBXBuildFile; fileRef = 8DB10F5D2A49903E000A21F0 /* MembersBubbleComponent.swift */; };
		8DB10F622A4A960D000A21F0 /* ChatRoomSettingsComponent.swift in Sources */ = {isa = PBXBuildFile; fileRef = 8DB10F612A4A960D000A21F0 /* ChatRoomSettingsComponent.swift */; };
		AC2AB7432A455618001B45FD /* CustomTextField.swift in Sources */ = {isa = PBXBuildFile; fileRef = AC2AB7422A455618001B45FD /* CustomTextField.swift */; };
		AC2AB7462A45578B001B45FD /* CustomButton.swift in Sources */ = {isa = PBXBuildFile; fileRef = AC2AB7452A45578B001B45FD /* CustomButton.swift */; };
		AC49DFE32A496D2A000D7756 /* BadgeViewModel.swift in Sources */ = {isa = PBXBuildFile; fileRef = AC49DFE22A496D2A000D7756 /* BadgeViewModel.swift */; };
		AC49DFE52A4A989E000D7756 /* MasterView.swift in Sources */ = {isa = PBXBuildFile; fileRef = AC49DFE42A4A989E000D7756 /* MasterView.swift */; };
		ACC72EC22A43E9E90006AE64 /* Badge.swift in Sources */ = {isa = PBXBuildFile; fileRef = ACC72EC12A43E9E90006AE64 /* Badge.swift */; };
		ACC72EC42A43EA450006AE64 /* Community.swift in Sources */ = {isa = PBXBuildFile; fileRef = ACC72EC32A43EA450006AE64 /* Community.swift */; };
		ACC72EC62A43EA650006AE64 /* Library.swift in Sources */ = {isa = PBXBuildFile; fileRef = ACC72EC52A43EA650006AE64 /* Library.swift */; };
		ACC72EC82A43EA8E0006AE64 /* Chat.swift in Sources */ = {isa = PBXBuildFile; fileRef = ACC72EC72A43EA8E0006AE64 /* Chat.swift */; };
		ACC72ED62A44C73F0006AE64 /* AuthenticationViewModel.swift in Sources */ = {isa = PBXBuildFile; fileRef = ACC72ED52A44C73F0006AE64 /* AuthenticationViewModel.swift */; };
		ACD062312A4C39DB0025B68E /* ChatViewModel.swift in Sources */ = {isa = PBXBuildFile; fileRef = ACD062302A4C39DB0025B68E /* ChatViewModel.swift */; };
		ACD062332A4C46540025B68E /* UserViewModel.swift in Sources */ = {isa = PBXBuildFile; fileRef = ACD062322A4C46540025B68E /* UserViewModel.swift */; };
		ACDAA8EE2A4D5AA2002A2B2B /* ProfileViewModel.swift in Sources */ = {isa = PBXBuildFile; fileRef = ACDAA8ED2A4D5AA2002A2B2B /* ProfileViewModel.swift */; };
		ACF273992A41FD9F00DB1BA3 /* studybuddyApp.swift in Sources */ = {isa = PBXBuildFile; fileRef = ACF273982A41FD9F00DB1BA3 /* studybuddyApp.swift */; };
		ACF2739D2A41FDA100DB1BA3 /* Assets.xcassets in Resources */ = {isa = PBXBuildFile; fileRef = ACF2739C2A41FDA100DB1BA3 /* Assets.xcassets */; };
		ACF273A02A41FDA100DB1BA3 /* Preview Assets.xcassets in Resources */ = {isa = PBXBuildFile; fileRef = ACF2739F2A41FDA100DB1BA3 /* Preview Assets.xcassets */; };
		ACF273A72A41FDEB00DB1BA3 /* GoogleService-Info.plist in Resources */ = {isa = PBXBuildFile; fileRef = ACF273A62A41FDEB00DB1BA3 /* GoogleService-Info.plist */; };
		ACF273AA2A42003C00DB1BA3 /* FirebaseAnalytics in Frameworks */ = {isa = PBXBuildFile; productRef = ACF273A92A42003C00DB1BA3 /* FirebaseAnalytics */; };
		ACF273AC2A42003C00DB1BA3 /* FirebaseAnalyticsOnDeviceConversion in Frameworks */ = {isa = PBXBuildFile; productRef = ACF273AB2A42003C00DB1BA3 /* FirebaseAnalyticsOnDeviceConversion */; };
		ACF273AE2A42003C00DB1BA3 /* FirebaseAnalyticsSwift in Frameworks */ = {isa = PBXBuildFile; productRef = ACF273AD2A42003C00DB1BA3 /* FirebaseAnalyticsSwift */; };
		ACF273B02A42003C00DB1BA3 /* FirebaseAnalyticsWithoutAdIdSupport in Frameworks */ = {isa = PBXBuildFile; productRef = ACF273AF2A42003C00DB1BA3 /* FirebaseAnalyticsWithoutAdIdSupport */; };
		ACF273B22A42003C00DB1BA3 /* FirebaseAppCheck in Frameworks */ = {isa = PBXBuildFile; productRef = ACF273B12A42003C00DB1BA3 /* FirebaseAppCheck */; };
		ACF273B42A42003C00DB1BA3 /* FirebaseAppDistribution-Beta in Frameworks */ = {isa = PBXBuildFile; productRef = ACF273B32A42003C00DB1BA3 /* FirebaseAppDistribution-Beta */; };
		ACF273B62A42003C00DB1BA3 /* FirebaseAuth in Frameworks */ = {isa = PBXBuildFile; productRef = ACF273B52A42003C00DB1BA3 /* FirebaseAuth */; };
		ACF273B82A42003C00DB1BA3 /* FirebaseAuthCombine-Community in Frameworks */ = {isa = PBXBuildFile; productRef = ACF273B72A42003C00DB1BA3 /* FirebaseAuthCombine-Community */; };
		ACF273BA2A42003C00DB1BA3 /* FirebaseCrashlytics in Frameworks */ = {isa = PBXBuildFile; productRef = ACF273B92A42003C00DB1BA3 /* FirebaseCrashlytics */; };
		ACF273BC2A42003C00DB1BA3 /* FirebaseDatabase in Frameworks */ = {isa = PBXBuildFile; productRef = ACF273BB2A42003C00DB1BA3 /* FirebaseDatabase */; };
		ACF273BE2A42003C00DB1BA3 /* FirebaseDatabaseSwift in Frameworks */ = {isa = PBXBuildFile; productRef = ACF273BD2A42003C00DB1BA3 /* FirebaseDatabaseSwift */; };
		ACF273C02A42003C00DB1BA3 /* FirebaseDynamicLinks in Frameworks */ = {isa = PBXBuildFile; productRef = ACF273BF2A42003C00DB1BA3 /* FirebaseDynamicLinks */; };
		ACF273C22A42003C00DB1BA3 /* FirebaseFirestore in Frameworks */ = {isa = PBXBuildFile; productRef = ACF273C12A42003C00DB1BA3 /* FirebaseFirestore */; };
		ACF273C42A42003C00DB1BA3 /* FirebaseFirestoreCombine-Community in Frameworks */ = {isa = PBXBuildFile; productRef = ACF273C32A42003C00DB1BA3 /* FirebaseFirestoreCombine-Community */; };
		ACF273C62A42003C00DB1BA3 /* FirebaseFirestoreSwift in Frameworks */ = {isa = PBXBuildFile; productRef = ACF273C52A42003C00DB1BA3 /* FirebaseFirestoreSwift */; };
		ACF273C82A42003C00DB1BA3 /* FirebaseFunctions in Frameworks */ = {isa = PBXBuildFile; productRef = ACF273C72A42003C00DB1BA3 /* FirebaseFunctions */; };
		ACF273CA2A42003C00DB1BA3 /* FirebaseFunctionsCombine-Community in Frameworks */ = {isa = PBXBuildFile; productRef = ACF273C92A42003C00DB1BA3 /* FirebaseFunctionsCombine-Community */; };
		ACF273CC2A42003C00DB1BA3 /* FirebaseInAppMessaging-Beta in Frameworks */ = {isa = PBXBuildFile; productRef = ACF273CB2A42003C00DB1BA3 /* FirebaseInAppMessaging-Beta */; };
		ACF273CE2A42003C00DB1BA3 /* FirebaseInAppMessagingSwift-Beta in Frameworks */ = {isa = PBXBuildFile; productRef = ACF273CD2A42003C00DB1BA3 /* FirebaseInAppMessagingSwift-Beta */; };
		ACF273D02A42003C00DB1BA3 /* FirebaseInstallations in Frameworks */ = {isa = PBXBuildFile; productRef = ACF273CF2A42003C00DB1BA3 /* FirebaseInstallations */; };
		ACF273D22A42003C00DB1BA3 /* FirebaseMLModelDownloader in Frameworks */ = {isa = PBXBuildFile; productRef = ACF273D12A42003C00DB1BA3 /* FirebaseMLModelDownloader */; };
		ACF273D42A42003C00DB1BA3 /* FirebaseMessaging in Frameworks */ = {isa = PBXBuildFile; productRef = ACF273D32A42003C00DB1BA3 /* FirebaseMessaging */; };
		ACF273D62A42003C00DB1BA3 /* FirebasePerformance in Frameworks */ = {isa = PBXBuildFile; productRef = ACF273D52A42003C00DB1BA3 /* FirebasePerformance */; };
		ACF273D82A42003C00DB1BA3 /* FirebaseRemoteConfig in Frameworks */ = {isa = PBXBuildFile; productRef = ACF273D72A42003C00DB1BA3 /* FirebaseRemoteConfig */; };
		ACF273DA2A42003C00DB1BA3 /* FirebaseRemoteConfigSwift in Frameworks */ = {isa = PBXBuildFile; productRef = ACF273D92A42003C00DB1BA3 /* FirebaseRemoteConfigSwift */; };
		ACF273DC2A42003C00DB1BA3 /* FirebaseStorage in Frameworks */ = {isa = PBXBuildFile; productRef = ACF273DB2A42003C00DB1BA3 /* FirebaseStorage */; };
		ACF273DE2A42003C00DB1BA3 /* FirebaseStorageCombine-Community in Frameworks */ = {isa = PBXBuildFile; productRef = ACF273DD2A42003C00DB1BA3 /* FirebaseStorageCombine-Community */; };
		ACF808532A42D95F0050D549 /* User.swift in Sources */ = {isa = PBXBuildFile; fileRef = ACF808522A42D95F0050D549 /* User.swift */; };
/* End PBXBuildFile section */

/* Begin PBXFileReference section */
		43C972032A4987D6000D1E6B /* LibraryView.swift */ = {isa = PBXFileReference; lastKnownFileType = sourcecode.swift; path = LibraryView.swift; sourceTree = "<group>"; };
		43C972062A498A32000D1E6B /* ImagePicker.swift */ = {isa = PBXFileReference; lastKnownFileType = sourcecode.swift; path = ImagePicker.swift; sourceTree = "<group>"; };
		43C9720A2A498A7C000D1E6B /* DocumentPicker.swift */ = {isa = PBXFileReference; lastKnownFileType = sourcecode.swift; path = DocumentPicker.swift; sourceTree = "<group>"; };
		43C9720C2A4A9AEA000D1E6B /* DocumentCellView.swift */ = {isa = PBXFileReference; lastKnownFileType = sourcecode.swift; path = DocumentCellView.swift; sourceTree = "<group>"; };
		43C9720E2A4AF081000D1E6B /* LibraryViewModel.swift */ = {isa = PBXFileReference; lastKnownFileType = sourcecode.swift; path = LibraryViewModel.swift; sourceTree = "<group>"; };
		43C972102A4BE1F1000D1E6B /* Info.plist */ = {isa = PBXFileReference; lastKnownFileType = text.plist; path = Info.plist; sourceTree = "<group>"; };
		43C972112A4C344F000D1E6B /* LoaderView.swift */ = {isa = PBXFileReference; lastKnownFileType = sourcecode.swift; path = LoaderView.swift; sourceTree = "<group>"; };
		43C972132A4C362F000D1E6B /* WebView.swift */ = {isa = PBXFileReference; lastKnownFileType = sourcecode.swift; path = WebView.swift; sourceTree = "<group>"; };
		43C972152A4C36D2000D1E6B /* FileViewerView.swift */ = {isa = PBXFileReference; lastKnownFileType = sourcecode.swift; path = FileViewerView.swift; sourceTree = "<group>"; };
		76DDDED02A492AEE00BA9F18 /* TestView.swift */ = {isa = PBXFileReference; lastKnownFileType = sourcecode.swift; name = TestView.swift; path = Views/Main/TestView.swift; sourceTree = SOURCE_ROOT; };
		76DDDED22A49690500BA9F18 /* DummyUI.swift */ = {isa = PBXFileReference; lastKnownFileType = sourcecode.swift; name = DummyUI.swift; path = ViewModels/DummyUI.swift; sourceTree = SOURCE_ROOT; };
		76F50FC22A47CD4500D62826 /* CommunityViewModel.swift */ = {isa = PBXFileReference; lastKnownFileType = sourcecode.swift; name = CommunityViewModel.swift; path = ViewModels/CommunityViewModel.swift; sourceTree = SOURCE_ROOT; };
		835024472A4474AB004FB6B0 /* LoginPageView.swift */ = {isa = PBXFileReference; lastKnownFileType = sourcecode.swift; name = LoginPageView.swift; path = Views/Onboarding/LoginPageView.swift; sourceTree = SOURCE_ROOT; };
		835024492A44754C004FB6B0 /* RegisterPageView.swift */ = {isa = PBXFileReference; lastKnownFileType = sourcecode.swift; name = RegisterPageView.swift; path = Views/Onboarding/RegisterPageView.swift; sourceTree = SOURCE_ROOT; };
		8350244C2A447598004FB6B0 /* OnboardingPageView.swift */ = {isa = PBXFileReference; lastKnownFileType = sourcecode.swift; name = OnboardingPageView.swift; path = Views/Onboarding/OnboardingPageView.swift; sourceTree = SOURCE_ROOT; };
		83B64C462A46E4F900CACF2C /* CommunityPageView.swift */ = {isa = PBXFileReference; lastKnownFileType = sourcecode.swift; name = CommunityPageView.swift; path = Views/Main/CommunityPageView.swift; sourceTree = SOURCE_ROOT; };
		83B64C482A46E51100CACF2C /* HeaderComponent.swift */ = {isa = PBXFileReference; lastKnownFileType = sourcecode.swift; name = HeaderComponent.swift; path = Views/Components/HeaderComponent.swift; sourceTree = SOURCE_ROOT; };
		83B64C4A2A46E52800CACF2C /* CardComponent.swift */ = {isa = PBXFileReference; lastKnownFileType = sourcecode.swift; name = CardComponent.swift; path = Views/Components/CardComponent.swift; sourceTree = SOURCE_ROOT; };
		83B64C4C2A46E54500CACF2C /* CustomRoundedButton.swift */ = {isa = PBXFileReference; lastKnownFileType = sourcecode.swift; name = CustomRoundedButton.swift; path = Views/Components/CustomRoundedButton.swift; sourceTree = SOURCE_ROOT; };
		83B64C4E2A46E5BE00CACF2C /* DiscoverPageView.swift */ = {isa = PBXFileReference; lastKnownFileType = sourcecode.swift; name = DiscoverPageView.swift; path = Views/Main/DiscoverPageView.swift; sourceTree = SOURCE_ROOT; };
		83B64C502A46E5D000CACF2C /* ProfilePageView.swift */ = {isa = PBXFileReference; lastKnownFileType = sourcecode.swift; name = ProfilePageView.swift; path = Views/Main/ProfilePageView.swift; sourceTree = SOURCE_ROOT; };
		83B64C522A46E5F100CACF2C /* ProfileHeaderComponent.swift */ = {isa = PBXFileReference; lastKnownFileType = sourcecode.swift; name = ProfileHeaderComponent.swift; path = Views/Components/ProfileHeaderComponent.swift; sourceTree = SOURCE_ROOT; };
		83B64C542A46E5FE00CACF2C /* BadgeComponent.swift */ = {isa = PBXFileReference; lastKnownFileType = sourcecode.swift; name = BadgeComponent.swift; path = Views/Components/BadgeComponent.swift; sourceTree = SOURCE_ROOT; };
		83B64C562A46E61D00CACF2C /* TabBarNavigation.swift */ = {isa = PBXFileReference; lastKnownFileType = sourcecode.swift; name = TabBarNavigation.swift; path = Views/Main/TabBarNavigation.swift; sourceTree = SOURCE_ROOT; };
		83B64C582A46E81E00CACF2C /* CreateCommunityPageView.swift */ = {isa = PBXFileReference; lastKnownFileType = sourcecode.swift; name = CreateCommunityPageView.swift; path = Views/Main/CreateCommunityPageView.swift; sourceTree = SOURCE_ROOT; };
		83B64C5E2A4BD49E00CACF2C /* BadgeEarnedView.swift */ = {isa = PBXFileReference; lastKnownFileType = sourcecode.swift; name = BadgeEarnedView.swift; path = Views/Main/BadgeEarnedView.swift; sourceTree = SOURCE_ROOT; };
		83B64C682A4D83B200CACF2C /* InterestPageView.swift */ = {isa = PBXFileReference; lastKnownFileType = sourcecode.swift; name = InterestPageView.swift; path = Views/Main/InterestPageView.swift; sourceTree = SOURCE_ROOT; };
		83B64C6A2A4D83CF00CACF2C /* PillsButton.swift */ = {isa = PBXFileReference; lastKnownFileType = sourcecode.swift; name = PillsButton.swift; path = Views/Components/PillsButton.swift; sourceTree = SOURCE_ROOT; };
		8D1C56D42A48536500FFF620 /* ChatRoomView.swift */ = {isa = PBXFileReference; lastKnownFileType = sourcecode.swift; name = ChatRoomView.swift; path = Views/Main/ChatRoomView.swift; sourceTree = SOURCE_ROOT; };
		8DB10F4D2A48587E000A21F0 /* ChatRoomInfoComponent.swift */ = {isa = PBXFileReference; lastKnownFileType = sourcecode.swift; name = ChatRoomInfoComponent.swift; path = Views/Components/ChatRoomInfoComponent.swift; sourceTree = SOURCE_ROOT; };
		8DB10F4F2A4859C1000A21F0 /* MessageBubbleComponent.swift */ = {isa = PBXFileReference; lastKnownFileType = sourcecode.swift; name = MessageBubbleComponent.swift; path = Views/Components/MessageBubbleComponent.swift; sourceTree = SOURCE_ROOT; };
		8DB10F512A485A3B000A21F0 /* StudyScheduleComponent.swift */ = {isa = PBXFileReference; lastKnownFileType = sourcecode.swift; name = StudyScheduleComponent.swift; path = Views/Components/StudyScheduleComponent.swift; sourceTree = SOURCE_ROOT; };
		8DB10F532A485A71000A21F0 /* MessageInputComponent.swift */ = {isa = PBXFileReference; lastKnownFileType = sourcecode.swift; name = MessageInputComponent.swift; path = Views/Components/MessageInputComponent.swift; sourceTree = SOURCE_ROOT; };
		8DB10F552A485AE5000A21F0 /* SetScheduleView.swift */ = {isa = PBXFileReference; lastKnownFileType = sourcecode.swift; name = SetScheduleView.swift; path = Views/Main/SetScheduleView.swift; sourceTree = SOURCE_ROOT; };
		8DB10F5B2A498F79000A21F0 /* ChatMembersView.swift */ = {isa = PBXFileReference; lastKnownFileType = sourcecode.swift; name = ChatMembersView.swift; path = Views/Main/ChatMembersView.swift; sourceTree = SOURCE_ROOT; };
		8DB10F5D2A49903E000A21F0 /* MembersBubbleComponent.swift */ = {isa = PBXFileReference; lastKnownFileType = sourcecode.swift; name = MembersBubbleComponent.swift; path = Views/Components/MembersBubbleComponent.swift; sourceTree = SOURCE_ROOT; };
		8DB10F612A4A960D000A21F0 /* ChatRoomSettingsComponent.swift */ = {isa = PBXFileReference; lastKnownFileType = sourcecode.swift; name = ChatRoomSettingsComponent.swift; path = Views/Components/ChatRoomSettingsComponent.swift; sourceTree = SOURCE_ROOT; };
		AC2AB7422A455618001B45FD /* CustomTextField.swift */ = {isa = PBXFileReference; lastKnownFileType = sourcecode.swift; name = CustomTextField.swift; path = Views/Components/CustomTextField.swift; sourceTree = SOURCE_ROOT; };
		AC2AB7452A45578B001B45FD /* CustomButton.swift */ = {isa = PBXFileReference; lastKnownFileType = sourcecode.swift; name = CustomButton.swift; path = Views/Components/CustomButton.swift; sourceTree = SOURCE_ROOT; };
		AC49DFE22A496D2A000D7756 /* BadgeViewModel.swift */ = {isa = PBXFileReference; lastKnownFileType = sourcecode.swift; name = BadgeViewModel.swift; path = ViewModels/BadgeViewModel.swift; sourceTree = SOURCE_ROOT; };
		AC49DFE42A4A989E000D7756 /* MasterView.swift */ = {isa = PBXFileReference; lastKnownFileType = sourcecode.swift; name = MasterView.swift; path = Views/Main/MasterView.swift; sourceTree = SOURCE_ROOT; };
		ACC72EC12A43E9E90006AE64 /* Badge.swift */ = {isa = PBXFileReference; lastKnownFileType = sourcecode.swift; path = Badge.swift; sourceTree = "<group>"; };
		ACC72EC32A43EA450006AE64 /* Community.swift */ = {isa = PBXFileReference; lastKnownFileType = sourcecode.swift; path = Community.swift; sourceTree = "<group>"; };
		ACC72EC52A43EA650006AE64 /* Library.swift */ = {isa = PBXFileReference; lastKnownFileType = sourcecode.swift; path = Library.swift; sourceTree = "<group>"; };
		ACC72EC72A43EA8E0006AE64 /* Chat.swift */ = {isa = PBXFileReference; lastKnownFileType = sourcecode.swift; path = Chat.swift; sourceTree = "<group>"; };
		ACC72ED52A44C73F0006AE64 /* AuthenticationViewModel.swift */ = {isa = PBXFileReference; lastKnownFileType = sourcecode.swift; name = AuthenticationViewModel.swift; path = ViewModels/AuthenticationViewModel.swift; sourceTree = SOURCE_ROOT; };
		ACD062302A4C39DB0025B68E /* ChatViewModel.swift */ = {isa = PBXFileReference; lastKnownFileType = sourcecode.swift; name = ChatViewModel.swift; path = ViewModels/ChatViewModel.swift; sourceTree = SOURCE_ROOT; };
		ACD062322A4C46540025B68E /* UserViewModel.swift */ = {isa = PBXFileReference; lastKnownFileType = sourcecode.swift; name = UserViewModel.swift; path = ViewModels/UserViewModel.swift; sourceTree = SOURCE_ROOT; };
		ACDAA8ED2A4D5AA2002A2B2B /* ProfileViewModel.swift */ = {isa = PBXFileReference; lastKnownFileType = sourcecode.swift; name = ProfileViewModel.swift; path = ViewModels/ProfileViewModel.swift; sourceTree = SOURCE_ROOT; };
		ACF273952A41FD9F00DB1BA3 /* studybuddy.app */ = {isa = PBXFileReference; explicitFileType = wrapper.application; includeInIndex = 0; path = studybuddy.app; sourceTree = BUILT_PRODUCTS_DIR; };
		ACF273982A41FD9F00DB1BA3 /* studybuddyApp.swift */ = {isa = PBXFileReference; lastKnownFileType = sourcecode.swift; path = studybuddyApp.swift; sourceTree = "<group>"; };
		ACF2739C2A41FDA100DB1BA3 /* Assets.xcassets */ = {isa = PBXFileReference; lastKnownFileType = folder.assetcatalog; path = Assets.xcassets; sourceTree = "<group>"; };
		ACF2739F2A41FDA100DB1BA3 /* Preview Assets.xcassets */ = {isa = PBXFileReference; lastKnownFileType = folder.assetcatalog; path = "Preview Assets.xcassets"; sourceTree = "<group>"; };
		ACF273A62A41FDEB00DB1BA3 /* GoogleService-Info.plist */ = {isa = PBXFileReference; fileEncoding = 4; lastKnownFileType = text.plist.xml; path = "GoogleService-Info.plist"; sourceTree = "<group>"; };
		ACF808522A42D95F0050D549 /* User.swift */ = {isa = PBXFileReference; lastKnownFileType = sourcecode.swift; path = User.swift; sourceTree = "<group>"; };
/* End PBXFileReference section */

/* Begin PBXFrameworksBuildPhase section */
		ACF273922A41FD9F00DB1BA3 /* Frameworks */ = {
			isa = PBXFrameworksBuildPhase;
			buildActionMask = 2147483647;
			files = (
				ACF273BC2A42003C00DB1BA3 /* FirebaseDatabase in Frameworks */,
				ACF273CA2A42003C00DB1BA3 /* FirebaseFunctionsCombine-Community in Frameworks */,
				ACF273C22A42003C00DB1BA3 /* FirebaseFirestore in Frameworks */,
				ACF273AE2A42003C00DB1BA3 /* FirebaseAnalyticsSwift in Frameworks */,
				ACF273AA2A42003C00DB1BA3 /* FirebaseAnalytics in Frameworks */,
				ACF273AC2A42003C00DB1BA3 /* FirebaseAnalyticsOnDeviceConversion in Frameworks */,
				ACF273D22A42003C00DB1BA3 /* FirebaseMLModelDownloader in Frameworks */,
				ACF273C62A42003C00DB1BA3 /* FirebaseFirestoreSwift in Frameworks */,
				ACF273B22A42003C00DB1BA3 /* FirebaseAppCheck in Frameworks */,
				ACF273B02A42003C00DB1BA3 /* FirebaseAnalyticsWithoutAdIdSupport in Frameworks */,
				ACF273B62A42003C00DB1BA3 /* FirebaseAuth in Frameworks */,
				ACF273BA2A42003C00DB1BA3 /* FirebaseCrashlytics in Frameworks */,
				ACF273DA2A42003C00DB1BA3 /* FirebaseRemoteConfigSwift in Frameworks */,
				ACF273CC2A42003C00DB1BA3 /* FirebaseInAppMessaging-Beta in Frameworks */,
				ACF273BE2A42003C00DB1BA3 /* FirebaseDatabaseSwift in Frameworks */,
				ACF273C82A42003C00DB1BA3 /* FirebaseFunctions in Frameworks */,
				ACF273DE2A42003C00DB1BA3 /* FirebaseStorageCombine-Community in Frameworks */,
				ACF273D82A42003C00DB1BA3 /* FirebaseRemoteConfig in Frameworks */,
				ACF273B42A42003C00DB1BA3 /* FirebaseAppDistribution-Beta in Frameworks */,
				ACF273B82A42003C00DB1BA3 /* FirebaseAuthCombine-Community in Frameworks */,
				ACF273D62A42003C00DB1BA3 /* FirebasePerformance in Frameworks */,
				ACF273CE2A42003C00DB1BA3 /* FirebaseInAppMessagingSwift-Beta in Frameworks */,
				ACF273DC2A42003C00DB1BA3 /* FirebaseStorage in Frameworks */,
				ACF273C02A42003C00DB1BA3 /* FirebaseDynamicLinks in Frameworks */,
				ACF273C42A42003C00DB1BA3 /* FirebaseFirestoreCombine-Community in Frameworks */,
				ACF273D42A42003C00DB1BA3 /* FirebaseMessaging in Frameworks */,
				ACF273D02A42003C00DB1BA3 /* FirebaseInstallations in Frameworks */,
			);
			runOnlyForDeploymentPostprocessing = 0;
		};
/* End PBXFrameworksBuildPhase section */

/* Begin PBXGroup section */
		43C972002A498538000D1E6B /* Library */ = {
			isa = PBXGroup;
			children = (
				43C972052A498A1B000D1E6B /* Utils */,
				43C972022A49867F000D1E6B /* ViewModels */,
				43C972012A49866C000D1E6B /* Views */,
			);
			path = Library;
			sourceTree = "<group>";
		};
		43C972012A49866C000D1E6B /* Views */ = {
			isa = PBXGroup;
			children = (
				43C972032A4987D6000D1E6B /* LibraryView.swift */,
				43C9720C2A4A9AEA000D1E6B /* DocumentCellView.swift */,
				43C972112A4C344F000D1E6B /* LoaderView.swift */,
				43C972152A4C36D2000D1E6B /* FileViewerView.swift */,
			);
			path = Views;
			sourceTree = "<group>";
		};
		43C972022A49867F000D1E6B /* ViewModels */ = {
			isa = PBXGroup;
			children = (
				43C9720E2A4AF081000D1E6B /* LibraryViewModel.swift */,
			);
			path = ViewModels;
			sourceTree = "<group>";
		};
		43C972052A498A1B000D1E6B /* Utils */ = {
			isa = PBXGroup;
			children = (
				43C972062A498A32000D1E6B /* ImagePicker.swift */,
				43C9720A2A498A7C000D1E6B /* DocumentPicker.swift */,
				43C972132A4C362F000D1E6B /* WebView.swift */,
			);
			path = Utils;
			sourceTree = "<group>";
		};
		8350244B2A447583004FB6B0 /* Onboarding */ = {
			isa = PBXGroup;
			children = (
				835024472A4474AB004FB6B0 /* LoginPageView.swift */,
				835024492A44754C004FB6B0 /* RegisterPageView.swift */,
				8350244C2A447598004FB6B0 /* OnboardingPageView.swift */,
			);
			path = Onboarding;
			sourceTree = "<group>";
		};
		83B64C452A46E4E100CACF2C /* Main */ = {
			isa = PBXGroup;
			children = (
				83B64C462A46E4F900CACF2C /* CommunityPageView.swift */,
				83B64C4E2A46E5BE00CACF2C /* DiscoverPageView.swift */,
				83B64C502A46E5D000CACF2C /* ProfilePageView.swift */,
				83B64C562A46E61D00CACF2C /* TabBarNavigation.swift */,
				83B64C582A46E81E00CACF2C /* CreateCommunityPageView.swift */,
				76DDDED02A492AEE00BA9F18 /* TestView.swift */,
				8D1C56D42A48536500FFF620 /* ChatRoomView.swift */,
				8DB10F552A485AE5000A21F0 /* SetScheduleView.swift */,
				8DB10F5B2A498F79000A21F0 /* ChatMembersView.swift */,
				83B64C5E2A4BD49E00CACF2C /* BadgeEarnedView.swift */,
				AC49DFE42A4A989E000D7756 /* MasterView.swift */,
				83B64C682A4D83B200CACF2C /* InterestPageView.swift */,
			);
			path = Main;
			sourceTree = "<group>";
		};
		AC2AB7412A455602001B45FD /* Components */ = {
			isa = PBXGroup;
			children = (
				AC2AB7422A455618001B45FD /* CustomTextField.swift */,
				AC2AB7452A45578B001B45FD /* CustomButton.swift */,
				8DB10F4D2A48587E000A21F0 /* ChatRoomInfoComponent.swift */,
				8DB10F612A4A960D000A21F0 /* ChatRoomSettingsComponent.swift */,
				8DB10F4F2A4859C1000A21F0 /* MessageBubbleComponent.swift */,
				8DB10F512A485A3B000A21F0 /* StudyScheduleComponent.swift */,
				8DB10F532A485A71000A21F0 /* MessageInputComponent.swift */,
				83B64C482A46E51100CACF2C /* HeaderComponent.swift */,
				83B64C4A2A46E52800CACF2C /* CardComponent.swift */,
				83B64C4C2A46E54500CACF2C /* CustomRoundedButton.swift */,
				83B64C522A46E5F100CACF2C /* ProfileHeaderComponent.swift */,
				83B64C542A46E5FE00CACF2C /* BadgeComponent.swift */,
				8DB10F5D2A49903E000A21F0 /* MembersBubbleComponent.swift */,
				83B64C6A2A4D83CF00CACF2C /* PillsButton.swift */,
			);
			path = Components;
			sourceTree = "<group>";
		};
		ACC72EC92A43EAF20006AE64 /* Scene(DicopySndiriYa) */ = {
			isa = PBXGroup;
			children = (
				ACC72ED22A43EBB60006AE64 /* Domain */,
				ACC72ECE2A43EB3C0006AE64 /* Data */,
				ACC72ECA2A43EB120006AE64 /* Presentation */,
			);
			path = "Scene(DicopySndiriYa)";
			sourceTree = "<group>";
		};
		ACC72ECA2A43EB120006AE64 /* Presentation */ = {
			isa = PBXGroup;
			children = (
				ACC72ECD2A43EB290006AE64 /* ViewModels */,
				ACC72ECC2A43EB240006AE64 /* Views */,
			);
			path = Presentation;
			sourceTree = "<group>";
		};
		ACC72ECC2A43EB240006AE64 /* Views */ = {
			isa = PBXGroup;
			children = (
				83B64C452A46E4E100CACF2C /* Main */,
				AC2AB7412A455602001B45FD /* Components */,
				8350244B2A447583004FB6B0 /* Onboarding */,
			);
			path = Views;
			sourceTree = "<group>";
		};
		ACC72ECD2A43EB290006AE64 /* ViewModels */ = {
			isa = PBXGroup;
			children = (
				ACC72ED52A44C73F0006AE64 /* AuthenticationViewModel.swift */,
				76F50FC22A47CD4500D62826 /* CommunityViewModel.swift */,
				76DDDED22A49690500BA9F18 /* DummyUI.swift */,
				ACD062302A4C39DB0025B68E /* ChatViewModel.swift */,
				ACD062322A4C46540025B68E /* UserViewModel.swift */,
				AC49DFE22A496D2A000D7756 /* BadgeViewModel.swift */,
				ACDAA8ED2A4D5AA2002A2B2B /* ProfileViewModel.swift */,
			);
			path = ViewModels;
			sourceTree = "<group>";
		};
		ACC72ECE2A43EB3C0006AE64 /* Data */ = {
			isa = PBXGroup;
			children = (
				ACC72ED12A43EB8B0006AE64 /* DataSources */,
				ACC72ED02A43EB760006AE64 /* Repositories */,
				ACC72ECF2A43EB640006AE64 /* UseCases */,
			);
			path = Data;
			sourceTree = "<group>";
		};
		ACC72ECF2A43EB640006AE64 /* UseCases */ = {
			isa = PBXGroup;
			children = (
			);
			path = UseCases;
			sourceTree = "<group>";
		};
		ACC72ED02A43EB760006AE64 /* Repositories */ = {
			isa = PBXGroup;
			children = (
			);
			path = Repositories;
			sourceTree = "<group>";
		};
		ACC72ED12A43EB8B0006AE64 /* DataSources */ = {
			isa = PBXGroup;
			children = (
			);
			path = DataSources;
			sourceTree = "<group>";
		};
		ACC72ED22A43EBB60006AE64 /* Domain */ = {
			isa = PBXGroup;
			children = (
				ACC72ED42A43EBCE0006AE64 /* DataSources */,
				ACC72ED32A43EBC30006AE64 /* Repositories */,
			);
			path = Domain;
			sourceTree = "<group>";
		};
		ACC72ED32A43EBC30006AE64 /* Repositories */ = {
			isa = PBXGroup;
			children = (
			);
			path = Repositories;
			sourceTree = "<group>";
		};
		ACC72ED42A43EBCE0006AE64 /* DataSources */ = {
			isa = PBXGroup;
			children = (
			);
			path = DataSources;
			sourceTree = "<group>";
		};
		ACF2738C2A41FD9F00DB1BA3 = {
			isa = PBXGroup;
			children = (
				ACF273972A41FD9F00DB1BA3 /* studybuddy */,
				ACF273962A41FD9F00DB1BA3 /* Products */,
			);
			sourceTree = "<group>";
		};
		ACF273962A41FD9F00DB1BA3 /* Products */ = {
			isa = PBXGroup;
			children = (
				ACF273952A41FD9F00DB1BA3 /* studybuddy.app */,
			);
			name = Products;
			sourceTree = "<group>";
		};
		ACF273972A41FD9F00DB1BA3 /* studybuddy */ = {
			isa = PBXGroup;
			children = (
				43C972102A4BE1F1000D1E6B /* Info.plist */,
				ACF808482A42D5A80050D549 /* Features */,
				ACF808472A42D5A20050D549 /* Core */,
				ACF808462A42D5930050D549 /* Config */,
				ACF273A62A41FDEB00DB1BA3 /* GoogleService-Info.plist */,
				ACF2739E2A41FDA100DB1BA3 /* Preview Content */,
			);
			path = studybuddy;
			sourceTree = "<group>";
		};
		ACF2739E2A41FDA100DB1BA3 /* Preview Content */ = {
			isa = PBXGroup;
			children = (
				ACF2739F2A41FDA100DB1BA3 /* Preview Assets.xcassets */,
			);
			path = "Preview Content";
			sourceTree = "<group>";
		};
		ACF808462A42D5930050D549 /* Config */ = {
			isa = PBXGroup;
			children = (
				ACF8084A2A42D5E90050D549 /* Resources */,
				ACF808492A42D5DB0050D549 /* Apps */,
			);
			path = Config;
			sourceTree = "<group>";
		};
		ACF808472A42D5A20050D549 /* Core */ = {
			isa = PBXGroup;
			children = (
				ACF8084C2A42D6430050D549 /* Data */,
				ACF8084B2A42D63B0050D549 /* Themes */,
			);
			path = Core;
			sourceTree = "<group>";
		};
		ACF808482A42D5A80050D549 /* Features */ = {
			isa = PBXGroup;
			children = (
				43C972002A498538000D1E6B /* Library */,
				ACC72EC92A43EAF20006AE64 /* Scene(DicopySndiriYa) */,
			);
			path = Features;
			sourceTree = "<group>";
		};
		ACF808492A42D5DB0050D549 /* Apps */ = {
			isa = PBXGroup;
			children = (
				ACF273982A41FD9F00DB1BA3 /* studybuddyApp.swift */,
			);
			path = Apps;
			sourceTree = "<group>";
		};
		ACF8084A2A42D5E90050D549 /* Resources */ = {
			isa = PBXGroup;
			children = (
				ACF2739C2A41FDA100DB1BA3 /* Assets.xcassets */,
			);
			path = Resources;
			sourceTree = "<group>";
		};
		ACF8084B2A42D63B0050D549 /* Themes */ = {
			isa = PBXGroup;
			children = (
				ACF8084D2A42D65B0050D549 /* Presentations */,
			);
			path = Themes;
			sourceTree = "<group>";
		};
		ACF8084C2A42D6430050D549 /* Data */ = {
			isa = PBXGroup;
			children = (
				ACF808512A42D6BC0050D549 /* Entities */,
				ACF808502A42D6990050D549 /* Mock */,
			);
			path = Data;
			sourceTree = "<group>";
		};
		ACF8084D2A42D65B0050D549 /* Presentations */ = {
			isa = PBXGroup;
			children = (
				ACF8084F2A42D6740050D549 /* Views */,
				ACF8084E2A42D66B0050D549 /* Modifiers */,
			);
			path = Presentations;
			sourceTree = "<group>";
		};
		ACF8084E2A42D66B0050D549 /* Modifiers */ = {
			isa = PBXGroup;
			children = (
			);
			path = Modifiers;
			sourceTree = "<group>";
		};
		ACF8084F2A42D6740050D549 /* Views */ = {
			isa = PBXGroup;
			children = (
			);
			path = Views;
			sourceTree = "<group>";
		};
		ACF808502A42D6990050D549 /* Mock */ = {
			isa = PBXGroup;
			children = (
			);
			path = Mock;
			sourceTree = "<group>";
		};
		ACF808512A42D6BC0050D549 /* Entities */ = {
			isa = PBXGroup;
			children = (
				ACF808522A42D95F0050D549 /* User.swift */,
				ACC72EC12A43E9E90006AE64 /* Badge.swift */,
				ACC72EC32A43EA450006AE64 /* Community.swift */,
				ACC72EC52A43EA650006AE64 /* Library.swift */,
				ACC72EC72A43EA8E0006AE64 /* Chat.swift */,
			);
			path = Entities;
			sourceTree = "<group>";
		};
/* End PBXGroup section */

/* Begin PBXNativeTarget section */
		ACF273942A41FD9F00DB1BA3 /* studybuddy */ = {
			isa = PBXNativeTarget;
			buildConfigurationList = ACF273A32A41FDA100DB1BA3 /* Build configuration list for PBXNativeTarget "studybuddy" */;
			buildPhases = (
				ACF273912A41FD9F00DB1BA3 /* Sources */,
				ACF273922A41FD9F00DB1BA3 /* Frameworks */,
				ACF273932A41FD9F00DB1BA3 /* Resources */,
			);
			buildRules = (
			);
			dependencies = (
			);
			name = studybuddy;
			packageProductDependencies = (
				ACF273A92A42003C00DB1BA3 /* FirebaseAnalytics */,
				ACF273AB2A42003C00DB1BA3 /* FirebaseAnalyticsOnDeviceConversion */,
				ACF273AD2A42003C00DB1BA3 /* FirebaseAnalyticsSwift */,
				ACF273AF2A42003C00DB1BA3 /* FirebaseAnalyticsWithoutAdIdSupport */,
				ACF273B12A42003C00DB1BA3 /* FirebaseAppCheck */,
				ACF273B32A42003C00DB1BA3 /* FirebaseAppDistribution-Beta */,
				ACF273B52A42003C00DB1BA3 /* FirebaseAuth */,
				ACF273B72A42003C00DB1BA3 /* FirebaseAuthCombine-Community */,
				ACF273B92A42003C00DB1BA3 /* FirebaseCrashlytics */,
				ACF273BB2A42003C00DB1BA3 /* FirebaseDatabase */,
				ACF273BD2A42003C00DB1BA3 /* FirebaseDatabaseSwift */,
				ACF273BF2A42003C00DB1BA3 /* FirebaseDynamicLinks */,
				ACF273C12A42003C00DB1BA3 /* FirebaseFirestore */,
				ACF273C32A42003C00DB1BA3 /* FirebaseFirestoreCombine-Community */,
				ACF273C52A42003C00DB1BA3 /* FirebaseFirestoreSwift */,
				ACF273C72A42003C00DB1BA3 /* FirebaseFunctions */,
				ACF273C92A42003C00DB1BA3 /* FirebaseFunctionsCombine-Community */,
				ACF273CB2A42003C00DB1BA3 /* FirebaseInAppMessaging-Beta */,
				ACF273CD2A42003C00DB1BA3 /* FirebaseInAppMessagingSwift-Beta */,
				ACF273CF2A42003C00DB1BA3 /* FirebaseInstallations */,
				ACF273D12A42003C00DB1BA3 /* FirebaseMLModelDownloader */,
				ACF273D32A42003C00DB1BA3 /* FirebaseMessaging */,
				ACF273D52A42003C00DB1BA3 /* FirebasePerformance */,
				ACF273D72A42003C00DB1BA3 /* FirebaseRemoteConfig */,
				ACF273D92A42003C00DB1BA3 /* FirebaseRemoteConfigSwift */,
				ACF273DB2A42003C00DB1BA3 /* FirebaseStorage */,
				ACF273DD2A42003C00DB1BA3 /* FirebaseStorageCombine-Community */,
			);
			productName = studybuddy;
			productReference = ACF273952A41FD9F00DB1BA3 /* studybuddy.app */;
			productType = "com.apple.product-type.application";
		};
/* End PBXNativeTarget section */

/* Begin PBXProject section */
		ACF2738D2A41FD9F00DB1BA3 /* Project object */ = {
			isa = PBXProject;
			attributes = {
				BuildIndependentTargetsInParallel = 1;
				LastSwiftUpdateCheck = 1430;
				LastUpgradeCheck = 1430;
				TargetAttributes = {
					ACF273942A41FD9F00DB1BA3 = {
						CreatedOnToolsVersion = 14.3;
					};
				};
			};
			buildConfigurationList = ACF273902A41FD9F00DB1BA3 /* Build configuration list for PBXProject "studybuddy" */;
			compatibilityVersion = "Xcode 14.0";
			developmentRegion = en;
			hasScannedForEncodings = 0;
			knownRegions = (
				en,
				Base,
			);
			mainGroup = ACF2738C2A41FD9F00DB1BA3;
			packageReferences = (
				ACF273A82A42003C00DB1BA3 /* XCRemoteSwiftPackageReference "firebase-ios-sdk" */,
			);
			productRefGroup = ACF273962A41FD9F00DB1BA3 /* Products */;
			projectDirPath = "";
			projectRoot = "";
			targets = (
				ACF273942A41FD9F00DB1BA3 /* studybuddy */,
			);
		};
/* End PBXProject section */

/* Begin PBXResourcesBuildPhase section */
		ACF273932A41FD9F00DB1BA3 /* Resources */ = {
			isa = PBXResourcesBuildPhase;
			buildActionMask = 2147483647;
			files = (
				ACF273A02A41FDA100DB1BA3 /* Preview Assets.xcassets in Resources */,
				ACF2739D2A41FDA100DB1BA3 /* Assets.xcassets in Resources */,
				ACF273A72A41FDEB00DB1BA3 /* GoogleService-Info.plist in Resources */,
			);
			runOnlyForDeploymentPostprocessing = 0;
		};
/* End PBXResourcesBuildPhase section */

/* Begin PBXSourcesBuildPhase section */
		ACF273912A41FD9F00DB1BA3 /* Sources */ = {
			isa = PBXSourcesBuildPhase;
			buildActionMask = 2147483647;
			files = (
				76DDDED32A49690500BA9F18 /* DummyUI.swift in Sources */,
				AC2AB7462A45578B001B45FD /* CustomButton.swift in Sources */,
				43C972162A4C36D2000D1E6B /* FileViewerView.swift in Sources */,
				83B64C472A46E4F900CACF2C /* CommunityPageView.swift in Sources */,
				43C972072A498A32000D1E6B /* ImagePicker.swift in Sources */,
				43C972142A4C362F000D1E6B /* WebView.swift in Sources */,
				76DDDED12A492AEE00BA9F18 /* TestView.swift in Sources */,
				AC49DFE32A496D2A000D7756 /* BadgeViewModel.swift in Sources */,
				83B64C472A46E4F900CACF2C /* CommunityPageView.swift in Sources */,
				8DB10F562A485AE5000A21F0 /* SetScheduleView.swift in Sources */,
				8DB10F5C2A498F79000A21F0 /* ChatMembersView.swift in Sources */,
				83B64C4D2A46E54500CACF2C /* CustomRoundedButton.swift in Sources */,
				83B64C572A46E61D00CACF2C /* TabBarNavigation.swift in Sources */,
				43C972042A4987D6000D1E6B /* LibraryView.swift in Sources */,
				8350244D2A447598004FB6B0 /* OnboardingPageView.swift in Sources */,
				43C9720D2A4A9AEA000D1E6B /* DocumentCellView.swift in Sources */,
				8D1C56D52A48536500FFF620 /* ChatRoomView.swift in Sources */,
				8DB10F4E2A48587E000A21F0 /* ChatRoomInfoComponent.swift in Sources */,
				83B64C512A46E5D000CACF2C /* ProfilePageView.swift in Sources */,
				ACC72EC42A43EA450006AE64 /* Community.swift in Sources */,
				ACC72EC82A43EA8E0006AE64 /* Chat.swift in Sources */,
				8DB10F522A485A3B000A21F0 /* StudyScheduleComponent.swift in Sources */,
				83B64C492A46E51100CACF2C /* HeaderComponent.swift in Sources */,
				ACD062312A4C39DB0025B68E /* ChatViewModel.swift in Sources */,
				43C9720B2A498A7C000D1E6B /* DocumentPicker.swift in Sources */,
				ACC72ED62A44C73F0006AE64 /* AuthenticationViewModel.swift in Sources */,
				83B64C6B2A4D83CF00CACF2C /* PillsButton.swift in Sources */,
				ACC72EC22A43E9E90006AE64 /* Badge.swift in Sources */,
				43C972122A4C344F000D1E6B /* LoaderView.swift in Sources */,
				83B64C692A4D83B200CACF2C /* InterestPageView.swift in Sources */,
				76F50FC32A47CD4500D62826 /* CommunityViewModel.swift in Sources */,
				83B64C4F2A46E5BE00CACF2C /* DiscoverPageView.swift in Sources */,
				83B64C5F2A4BD49E00CACF2C /* BadgeEarnedView.swift in Sources */,
				83B64C532A46E5F100CACF2C /* ProfileHeaderComponent.swift in Sources */,
				AC49DFE52A4A989E000D7756 /* MasterView.swift in Sources */,
				ACD062332A4C46540025B68E /* UserViewModel.swift in Sources */,
				ACF273992A41FD9F00DB1BA3 /* studybuddyApp.swift in Sources */,
				8DB10F5E2A49903E000A21F0 /* MembersBubbleComponent.swift in Sources */,
				8DB10F502A4859C1000A21F0 /* MessageBubbleComponent.swift in Sources */,
				8350244A2A44754C004FB6B0 /* RegisterPageView.swift in Sources */,
				83B64C4B2A46E52800CACF2C /* CardComponent.swift in Sources */,
				8DB10F622A4A960D000A21F0 /* ChatRoomSettingsComponent.swift in Sources */,
				AC2AB7432A455618001B45FD /* CustomTextField.swift in Sources */,
				ACDAA8EE2A4D5AA2002A2B2B /* ProfileViewModel.swift in Sources */,
				ACF808532A42D95F0050D549 /* User.swift in Sources */,
				83B64C592A46E81E00CACF2C /* CreateCommunityPageView.swift in Sources */,
				ACC72EC62A43EA650006AE64 /* Library.swift in Sources */,
				43C9720F2A4AF081000D1E6B /* LibraryViewModel.swift in Sources */,
				835024482A4474AB004FB6B0 /* LoginPageView.swift in Sources */,
				8DB10F542A485A71000A21F0 /* MessageInputComponent.swift in Sources */,
				83B64C552A46E5FE00CACF2C /* BadgeComponent.swift in Sources */,
			);
			runOnlyForDeploymentPostprocessing = 0;
		};
/* End PBXSourcesBuildPhase section */

/* Begin XCBuildConfiguration section */
		ACF273A12A41FDA100DB1BA3 /* Debug */ = {
			isa = XCBuildConfiguration;
			buildSettings = {
				ALWAYS_SEARCH_USER_PATHS = NO;
				CLANG_ANALYZER_NONNULL = YES;
				CLANG_ANALYZER_NUMBER_OBJECT_CONVERSION = YES_AGGRESSIVE;
				CLANG_CXX_LANGUAGE_STANDARD = "gnu++20";
				CLANG_ENABLE_MODULES = YES;
				CLANG_ENABLE_OBJC_ARC = YES;
				CLANG_ENABLE_OBJC_WEAK = YES;
				CLANG_WARN_BLOCK_CAPTURE_AUTORELEASING = YES;
				CLANG_WARN_BOOL_CONVERSION = YES;
				CLANG_WARN_COMMA = YES;
				CLANG_WARN_CONSTANT_CONVERSION = YES;
				CLANG_WARN_DEPRECATED_OBJC_IMPLEMENTATIONS = YES;
				CLANG_WARN_DIRECT_OBJC_ISA_USAGE = YES_ERROR;
				CLANG_WARN_DOCUMENTATION_COMMENTS = YES;
				CLANG_WARN_EMPTY_BODY = YES;
				CLANG_WARN_ENUM_CONVERSION = YES;
				CLANG_WARN_INFINITE_RECURSION = YES;
				CLANG_WARN_INT_CONVERSION = YES;
				CLANG_WARN_NON_LITERAL_NULL_CONVERSION = YES;
				CLANG_WARN_OBJC_IMPLICIT_RETAIN_SELF = YES;
				CLANG_WARN_OBJC_LITERAL_CONVERSION = YES;
				CLANG_WARN_OBJC_ROOT_CLASS = YES_ERROR;
				CLANG_WARN_QUOTED_INCLUDE_IN_FRAMEWORK_HEADER = YES;
				CLANG_WARN_RANGE_LOOP_ANALYSIS = YES;
				CLANG_WARN_STRICT_PROTOTYPES = YES;
				CLANG_WARN_SUSPICIOUS_MOVE = YES;
				CLANG_WARN_UNGUARDED_AVAILABILITY = YES_AGGRESSIVE;
				CLANG_WARN_UNREACHABLE_CODE = YES;
				CLANG_WARN__DUPLICATE_METHOD_MATCH = YES;
				COPY_PHASE_STRIP = NO;
				DEBUG_INFORMATION_FORMAT = dwarf;
				ENABLE_STRICT_OBJC_MSGSEND = YES;
				ENABLE_TESTABILITY = YES;
				GCC_C_LANGUAGE_STANDARD = gnu11;
				GCC_DYNAMIC_NO_PIC = NO;
				GCC_NO_COMMON_BLOCKS = YES;
				GCC_OPTIMIZATION_LEVEL = 0;
				GCC_PREPROCESSOR_DEFINITIONS = (
					"DEBUG=1",
					"$(inherited)",
				);
				GCC_WARN_64_TO_32_BIT_CONVERSION = YES;
				GCC_WARN_ABOUT_RETURN_TYPE = YES_ERROR;
				GCC_WARN_UNDECLARED_SELECTOR = YES;
				GCC_WARN_UNINITIALIZED_AUTOS = YES_AGGRESSIVE;
				GCC_WARN_UNUSED_FUNCTION = YES;
				GCC_WARN_UNUSED_VARIABLE = YES;
				IPHONEOS_DEPLOYMENT_TARGET = 16.4;
				MTL_ENABLE_DEBUG_INFO = INCLUDE_SOURCE;
				MTL_FAST_MATH = YES;
				ONLY_ACTIVE_ARCH = YES;
				SDKROOT = iphoneos;
				SWIFT_ACTIVE_COMPILATION_CONDITIONS = DEBUG;
				SWIFT_OPTIMIZATION_LEVEL = "-Onone";
			};
			name = Debug;
		};
		ACF273A22A41FDA100DB1BA3 /* Release */ = {
			isa = XCBuildConfiguration;
			buildSettings = {
				ALWAYS_SEARCH_USER_PATHS = NO;
				CLANG_ANALYZER_NONNULL = YES;
				CLANG_ANALYZER_NUMBER_OBJECT_CONVERSION = YES_AGGRESSIVE;
				CLANG_CXX_LANGUAGE_STANDARD = "gnu++20";
				CLANG_ENABLE_MODULES = YES;
				CLANG_ENABLE_OBJC_ARC = YES;
				CLANG_ENABLE_OBJC_WEAK = YES;
				CLANG_WARN_BLOCK_CAPTURE_AUTORELEASING = YES;
				CLANG_WARN_BOOL_CONVERSION = YES;
				CLANG_WARN_COMMA = YES;
				CLANG_WARN_CONSTANT_CONVERSION = YES;
				CLANG_WARN_DEPRECATED_OBJC_IMPLEMENTATIONS = YES;
				CLANG_WARN_DIRECT_OBJC_ISA_USAGE = YES_ERROR;
				CLANG_WARN_DOCUMENTATION_COMMENTS = YES;
				CLANG_WARN_EMPTY_BODY = YES;
				CLANG_WARN_ENUM_CONVERSION = YES;
				CLANG_WARN_INFINITE_RECURSION = YES;
				CLANG_WARN_INT_CONVERSION = YES;
				CLANG_WARN_NON_LITERAL_NULL_CONVERSION = YES;
				CLANG_WARN_OBJC_IMPLICIT_RETAIN_SELF = YES;
				CLANG_WARN_OBJC_LITERAL_CONVERSION = YES;
				CLANG_WARN_OBJC_ROOT_CLASS = YES_ERROR;
				CLANG_WARN_QUOTED_INCLUDE_IN_FRAMEWORK_HEADER = YES;
				CLANG_WARN_RANGE_LOOP_ANALYSIS = YES;
				CLANG_WARN_STRICT_PROTOTYPES = YES;
				CLANG_WARN_SUSPICIOUS_MOVE = YES;
				CLANG_WARN_UNGUARDED_AVAILABILITY = YES_AGGRESSIVE;
				CLANG_WARN_UNREACHABLE_CODE = YES;
				CLANG_WARN__DUPLICATE_METHOD_MATCH = YES;
				COPY_PHASE_STRIP = NO;
				DEBUG_INFORMATION_FORMAT = "dwarf-with-dsym";
				ENABLE_NS_ASSERTIONS = NO;
				ENABLE_STRICT_OBJC_MSGSEND = YES;
				GCC_C_LANGUAGE_STANDARD = gnu11;
				GCC_NO_COMMON_BLOCKS = YES;
				GCC_WARN_64_TO_32_BIT_CONVERSION = YES;
				GCC_WARN_ABOUT_RETURN_TYPE = YES_ERROR;
				GCC_WARN_UNDECLARED_SELECTOR = YES;
				GCC_WARN_UNINITIALIZED_AUTOS = YES_AGGRESSIVE;
				GCC_WARN_UNUSED_FUNCTION = YES;
				GCC_WARN_UNUSED_VARIABLE = YES;
				IPHONEOS_DEPLOYMENT_TARGET = 16.4;
				MTL_ENABLE_DEBUG_INFO = NO;
				MTL_FAST_MATH = YES;
				SDKROOT = iphoneos;
				SWIFT_COMPILATION_MODE = wholemodule;
				SWIFT_OPTIMIZATION_LEVEL = "-O";
				VALIDATE_PRODUCT = YES;
			};
			name = Release;
		};
		ACF273A42A41FDA100DB1BA3 /* Debug */ = {
			isa = XCBuildConfiguration;
			buildSettings = {
				ASSETCATALOG_COMPILER_APPICON_NAME = AppIcon;
				ASSETCATALOG_COMPILER_GLOBAL_ACCENT_COLOR_NAME = AccentColor;
				CODE_SIGN_STYLE = Automatic;
				CURRENT_PROJECT_VERSION = 1;
				DEVELOPMENT_ASSET_PATHS = "\"studybuddy/Preview Content\"";
				DEVELOPMENT_TEAM = GHRFT69K59;
				ENABLE_PREVIEWS = YES;
				GENERATE_INFOPLIST_FILE = YES;
				INFOPLIST_FILE = studybuddy/Info.plist;
				INFOPLIST_KEY_LSSupportsOpeningDocumentsInPlace = YES;
				INFOPLIST_KEY_NSCalendarsUsageDescription = "Allow access to Calendar in order to save events";
				INFOPLIST_KEY_UIApplicationSceneManifest_Generation = YES;
				INFOPLIST_KEY_UIApplicationSupportsIndirectInputEvents = YES;
				INFOPLIST_KEY_UILaunchScreen_Generation = YES;
				INFOPLIST_KEY_UISupportedInterfaceOrientations_iPad = "UIInterfaceOrientationPortrait UIInterfaceOrientationPortraitUpsideDown UIInterfaceOrientationLandscapeLeft UIInterfaceOrientationLandscapeRight";
				INFOPLIST_KEY_UISupportedInterfaceOrientations_iPhone = "UIInterfaceOrientationPortrait UIInterfaceOrientationLandscapeLeft UIInterfaceOrientationLandscapeRight";
				LD_RUNPATH_SEARCH_PATHS = (
					"$(inherited)",
					"@executable_path/Frameworks",
				);
				MARKETING_VERSION = 1.0;
				PRODUCT_BUNDLE_IDENTIFIER = keziaglr.studybuddy;
				PRODUCT_NAME = "$(TARGET_NAME)";
				SWIFT_EMIT_LOC_STRINGS = YES;
				SWIFT_VERSION = 5.0;
				TARGETED_DEVICE_FAMILY = "1,2";
			};
			name = Debug;
		};
		ACF273A52A41FDA100DB1BA3 /* Release */ = {
			isa = XCBuildConfiguration;
			buildSettings = {
				ASSETCATALOG_COMPILER_APPICON_NAME = AppIcon;
				ASSETCATALOG_COMPILER_GLOBAL_ACCENT_COLOR_NAME = AccentColor;
				CODE_SIGN_STYLE = Automatic;
				CURRENT_PROJECT_VERSION = 1;
				DEVELOPMENT_ASSET_PATHS = "\"studybuddy/Preview Content\"";
				DEVELOPMENT_TEAM = GHRFT69K59;
				ENABLE_PREVIEWS = YES;
				GENERATE_INFOPLIST_FILE = YES;
				INFOPLIST_FILE = studybuddy/Info.plist;
				INFOPLIST_KEY_LSSupportsOpeningDocumentsInPlace = YES;
				INFOPLIST_KEY_NSCalendarsUsageDescription = "Allow access to Calendar in order to save events";
				INFOPLIST_KEY_UIApplicationSceneManifest_Generation = YES;
				INFOPLIST_KEY_UIApplicationSupportsIndirectInputEvents = YES;
				INFOPLIST_KEY_UILaunchScreen_Generation = YES;
				INFOPLIST_KEY_UISupportedInterfaceOrientations_iPad = "UIInterfaceOrientationPortrait UIInterfaceOrientationPortraitUpsideDown UIInterfaceOrientationLandscapeLeft UIInterfaceOrientationLandscapeRight";
				INFOPLIST_KEY_UISupportedInterfaceOrientations_iPhone = "UIInterfaceOrientationPortrait UIInterfaceOrientationLandscapeLeft UIInterfaceOrientationLandscapeRight";
				LD_RUNPATH_SEARCH_PATHS = (
					"$(inherited)",
					"@executable_path/Frameworks",
				);
				MARKETING_VERSION = 1.0;
				PRODUCT_BUNDLE_IDENTIFIER = keziaglr.studybuddy;
				PRODUCT_NAME = "$(TARGET_NAME)";
				SWIFT_EMIT_LOC_STRINGS = YES;
				SWIFT_VERSION = 5.0;
				TARGETED_DEVICE_FAMILY = "1,2";
			};
			name = Release;
		};
/* End XCBuildConfiguration section */

/* Begin XCConfigurationList section */
		ACF273902A41FD9F00DB1BA3 /* Build configuration list for PBXProject "studybuddy" */ = {
			isa = XCConfigurationList;
			buildConfigurations = (
				ACF273A12A41FDA100DB1BA3 /* Debug */,
				ACF273A22A41FDA100DB1BA3 /* Release */,
			);
			defaultConfigurationIsVisible = 0;
			defaultConfigurationName = Release;
		};
		ACF273A32A41FDA100DB1BA3 /* Build configuration list for PBXNativeTarget "studybuddy" */ = {
			isa = XCConfigurationList;
			buildConfigurations = (
				ACF273A42A41FDA100DB1BA3 /* Debug */,
				ACF273A52A41FDA100DB1BA3 /* Release */,
			);
			defaultConfigurationIsVisible = 0;
			defaultConfigurationName = Release;
		};
/* End XCConfigurationList section */

/* Begin XCRemoteSwiftPackageReference section */
		ACF273A82A42003C00DB1BA3 /* XCRemoteSwiftPackageReference "firebase-ios-sdk" */ = {
			isa = XCRemoteSwiftPackageReference;
			repositoryURL = "https://github.com/firebase/firebase-ios-sdk";
			requirement = {
				kind = upToNextMajorVersion;
				minimumVersion = 10.0.0;
			};
		};
/* End XCRemoteSwiftPackageReference section */

/* Begin XCSwiftPackageProductDependency section */
		ACF273A92A42003C00DB1BA3 /* FirebaseAnalytics */ = {
			isa = XCSwiftPackageProductDependency;
			package = ACF273A82A42003C00DB1BA3 /* XCRemoteSwiftPackageReference "firebase-ios-sdk" */;
			productName = FirebaseAnalytics;
		};
		ACF273AB2A42003C00DB1BA3 /* FirebaseAnalyticsOnDeviceConversion */ = {
			isa = XCSwiftPackageProductDependency;
			package = ACF273A82A42003C00DB1BA3 /* XCRemoteSwiftPackageReference "firebase-ios-sdk" */;
			productName = FirebaseAnalyticsOnDeviceConversion;
		};
		ACF273AD2A42003C00DB1BA3 /* FirebaseAnalyticsSwift */ = {
			isa = XCSwiftPackageProductDependency;
			package = ACF273A82A42003C00DB1BA3 /* XCRemoteSwiftPackageReference "firebase-ios-sdk" */;
			productName = FirebaseAnalyticsSwift;
		};
		ACF273AF2A42003C00DB1BA3 /* FirebaseAnalyticsWithoutAdIdSupport */ = {
			isa = XCSwiftPackageProductDependency;
			package = ACF273A82A42003C00DB1BA3 /* XCRemoteSwiftPackageReference "firebase-ios-sdk" */;
			productName = FirebaseAnalyticsWithoutAdIdSupport;
		};
		ACF273B12A42003C00DB1BA3 /* FirebaseAppCheck */ = {
			isa = XCSwiftPackageProductDependency;
			package = ACF273A82A42003C00DB1BA3 /* XCRemoteSwiftPackageReference "firebase-ios-sdk" */;
			productName = FirebaseAppCheck;
		};
		ACF273B32A42003C00DB1BA3 /* FirebaseAppDistribution-Beta */ = {
			isa = XCSwiftPackageProductDependency;
			package = ACF273A82A42003C00DB1BA3 /* XCRemoteSwiftPackageReference "firebase-ios-sdk" */;
			productName = "FirebaseAppDistribution-Beta";
		};
		ACF273B52A42003C00DB1BA3 /* FirebaseAuth */ = {
			isa = XCSwiftPackageProductDependency;
			package = ACF273A82A42003C00DB1BA3 /* XCRemoteSwiftPackageReference "firebase-ios-sdk" */;
			productName = FirebaseAuth;
		};
		ACF273B72A42003C00DB1BA3 /* FirebaseAuthCombine-Community */ = {
			isa = XCSwiftPackageProductDependency;
			package = ACF273A82A42003C00DB1BA3 /* XCRemoteSwiftPackageReference "firebase-ios-sdk" */;
			productName = "FirebaseAuthCombine-Community";
		};
		ACF273B92A42003C00DB1BA3 /* FirebaseCrashlytics */ = {
			isa = XCSwiftPackageProductDependency;
			package = ACF273A82A42003C00DB1BA3 /* XCRemoteSwiftPackageReference "firebase-ios-sdk" */;
			productName = FirebaseCrashlytics;
		};
		ACF273BB2A42003C00DB1BA3 /* FirebaseDatabase */ = {
			isa = XCSwiftPackageProductDependency;
			package = ACF273A82A42003C00DB1BA3 /* XCRemoteSwiftPackageReference "firebase-ios-sdk" */;
			productName = FirebaseDatabase;
		};
		ACF273BD2A42003C00DB1BA3 /* FirebaseDatabaseSwift */ = {
			isa = XCSwiftPackageProductDependency;
			package = ACF273A82A42003C00DB1BA3 /* XCRemoteSwiftPackageReference "firebase-ios-sdk" */;
			productName = FirebaseDatabaseSwift;
		};
		ACF273BF2A42003C00DB1BA3 /* FirebaseDynamicLinks */ = {
			isa = XCSwiftPackageProductDependency;
			package = ACF273A82A42003C00DB1BA3 /* XCRemoteSwiftPackageReference "firebase-ios-sdk" */;
			productName = FirebaseDynamicLinks;
		};
		ACF273C12A42003C00DB1BA3 /* FirebaseFirestore */ = {
			isa = XCSwiftPackageProductDependency;
			package = ACF273A82A42003C00DB1BA3 /* XCRemoteSwiftPackageReference "firebase-ios-sdk" */;
			productName = FirebaseFirestore;
		};
		ACF273C32A42003C00DB1BA3 /* FirebaseFirestoreCombine-Community */ = {
			isa = XCSwiftPackageProductDependency;
			package = ACF273A82A42003C00DB1BA3 /* XCRemoteSwiftPackageReference "firebase-ios-sdk" */;
			productName = "FirebaseFirestoreCombine-Community";
		};
		ACF273C52A42003C00DB1BA3 /* FirebaseFirestoreSwift */ = {
			isa = XCSwiftPackageProductDependency;
			package = ACF273A82A42003C00DB1BA3 /* XCRemoteSwiftPackageReference "firebase-ios-sdk" */;
			productName = FirebaseFirestoreSwift;
		};
		ACF273C72A42003C00DB1BA3 /* FirebaseFunctions */ = {
			isa = XCSwiftPackageProductDependency;
			package = ACF273A82A42003C00DB1BA3 /* XCRemoteSwiftPackageReference "firebase-ios-sdk" */;
			productName = FirebaseFunctions;
		};
		ACF273C92A42003C00DB1BA3 /* FirebaseFunctionsCombine-Community */ = {
			isa = XCSwiftPackageProductDependency;
			package = ACF273A82A42003C00DB1BA3 /* XCRemoteSwiftPackageReference "firebase-ios-sdk" */;
			productName = "FirebaseFunctionsCombine-Community";
		};
		ACF273CB2A42003C00DB1BA3 /* FirebaseInAppMessaging-Beta */ = {
			isa = XCSwiftPackageProductDependency;
			package = ACF273A82A42003C00DB1BA3 /* XCRemoteSwiftPackageReference "firebase-ios-sdk" */;
			productName = "FirebaseInAppMessaging-Beta";
		};
		ACF273CD2A42003C00DB1BA3 /* FirebaseInAppMessagingSwift-Beta */ = {
			isa = XCSwiftPackageProductDependency;
			package = ACF273A82A42003C00DB1BA3 /* XCRemoteSwiftPackageReference "firebase-ios-sdk" */;
			productName = "FirebaseInAppMessagingSwift-Beta";
		};
		ACF273CF2A42003C00DB1BA3 /* FirebaseInstallations */ = {
			isa = XCSwiftPackageProductDependency;
			package = ACF273A82A42003C00DB1BA3 /* XCRemoteSwiftPackageReference "firebase-ios-sdk" */;
			productName = FirebaseInstallations;
		};
		ACF273D12A42003C00DB1BA3 /* FirebaseMLModelDownloader */ = {
			isa = XCSwiftPackageProductDependency;
			package = ACF273A82A42003C00DB1BA3 /* XCRemoteSwiftPackageReference "firebase-ios-sdk" */;
			productName = FirebaseMLModelDownloader;
		};
		ACF273D32A42003C00DB1BA3 /* FirebaseMessaging */ = {
			isa = XCSwiftPackageProductDependency;
			package = ACF273A82A42003C00DB1BA3 /* XCRemoteSwiftPackageReference "firebase-ios-sdk" */;
			productName = FirebaseMessaging;
		};
		ACF273D52A42003C00DB1BA3 /* FirebasePerformance */ = {
			isa = XCSwiftPackageProductDependency;
			package = ACF273A82A42003C00DB1BA3 /* XCRemoteSwiftPackageReference "firebase-ios-sdk" */;
			productName = FirebasePerformance;
		};
		ACF273D72A42003C00DB1BA3 /* FirebaseRemoteConfig */ = {
			isa = XCSwiftPackageProductDependency;
			package = ACF273A82A42003C00DB1BA3 /* XCRemoteSwiftPackageReference "firebase-ios-sdk" */;
			productName = FirebaseRemoteConfig;
		};
		ACF273D92A42003C00DB1BA3 /* FirebaseRemoteConfigSwift */ = {
			isa = XCSwiftPackageProductDependency;
			package = ACF273A82A42003C00DB1BA3 /* XCRemoteSwiftPackageReference "firebase-ios-sdk" */;
			productName = FirebaseRemoteConfigSwift;
		};
		ACF273DB2A42003C00DB1BA3 /* FirebaseStorage */ = {
			isa = XCSwiftPackageProductDependency;
			package = ACF273A82A42003C00DB1BA3 /* XCRemoteSwiftPackageReference "firebase-ios-sdk" */;
			productName = FirebaseStorage;
		};
		ACF273DD2A42003C00DB1BA3 /* FirebaseStorageCombine-Community */ = {
			isa = XCSwiftPackageProductDependency;
			package = ACF273A82A42003C00DB1BA3 /* XCRemoteSwiftPackageReference "firebase-ios-sdk" */;
			productName = "FirebaseStorageCombine-Community";
		};
/* End XCSwiftPackageProductDependency section */
	};
	rootObject = ACF2738D2A41FD9F00DB1BA3 /* Project object */;
}
