// !$*UTF8*$!
{
	archiveVersion = 1;
	classes = {
	};
	objectVersion = 56;
	objects = {

/* Begin PBXBuildFile section */
		431C88AD2B567B8C00245E83 /* CommunityManager.swift in Sources */ = {isa = PBXBuildFile; fileRef = 431C88AC2B567B8C00245E83 /* CommunityManager.swift */; };
		431C88B02B5684F500245E83 /* CommunityMember.swift in Sources */ = {isa = PBXBuildFile; fileRef = 431C88AF2B5684F500245E83 /* CommunityMember.swift */; };
		4342DBBA2B31C2AE00D79AF6 /* Images.swift in Sources */ = {isa = PBXBuildFile; fileRef = 4342DBB92B31C2AE00D79AF6 /* Images.swift */; };
		4342DBBC2B31C32700D79AF6 /* Colors.swift in Sources */ = {isa = PBXBuildFile; fileRef = 4342DBBB2B31C32700D79AF6 /* Colors.swift */; };
		4342DBC22B31C41600D79AF6 /* CustomButton.swift in Sources */ = {isa = PBXBuildFile; fileRef = 4342DBC12B31C41600D79AF6 /* CustomButton.swift */; };
		43AD2B6B2B4E7BF40010B718 /* BadgeView.swift in Sources */ = {isa = PBXBuildFile; fileRef = 43AD2B6A2B4E7BF40010B718 /* BadgeView.swift */; };
		43AD2B722B4E7F860010B718 /* CommunityCardComponent.swift in Sources */ = {isa = PBXBuildFile; fileRef = 43AD2B712B4E7F860010B718 /* CommunityCardComponent.swift */; };
		43AD2B752B4E84A00010B718 /* CardComponent.swift in Sources */ = {isa = PBXBuildFile; fileRef = 43AD2B742B4E84A00010B718 /* CardComponent.swift */; };
		43AD2B772B4E95250010B718 /* AuthenticationManager.swift in Sources */ = {isa = PBXBuildFile; fileRef = 43AD2B762B4E95250010B718 /* AuthenticationManager.swift */; };
		43AD2B792B4E9EE00010B718 /* UserManager.swift in Sources */ = {isa = PBXBuildFile; fileRef = 43AD2B782B4E9EE00010B718 /* UserManager.swift */; };
		43AD2B7B2B4EADC70010B718 /* Alerts.swift in Sources */ = {isa = PBXBuildFile; fileRef = 43AD2B7A2B4EADC70010B718 /* Alerts.swift */; };
		43AD2B7D2B5432530010B718 /* CustomTextFieldWithSymbol.swift in Sources */ = {isa = PBXBuildFile; fileRef = 43AD2B7C2B5432530010B718 /* CustomTextFieldWithSymbol.swift */; };
		43AD2B802B5433680010B718 /* Lottie in Frameworks */ = {isa = PBXBuildFile; productRef = 43AD2B7F2B5433680010B718 /* Lottie */; };
		43AD2B832B5438850010B718 /* LottieUI in Frameworks */ = {isa = PBXBuildFile; productRef = 43AD2B822B5438850010B718 /* LottieUI */; };
		43AD2B882B5461D50010B718 /* Categories.swift in Sources */ = {isa = PBXBuildFile; fileRef = 43AD2B872B5461D50010B718 /* Categories.swift */; };
		43AD2B8A2B5528750010B718 /* StorageManager.swift in Sources */ = {isa = PBXBuildFile; fileRef = 43AD2B892B5528750010B718 /* StorageManager.swift */; };
		43AD2B8C2B5534A50010B718 /* BadgeManager.swift in Sources */ = {isa = PBXBuildFile; fileRef = 43AD2B8B2B5534A50010B718 /* BadgeManager.swift */; };
		43AD2B8F2B55C5F60010B718 /* Kingfisher in Frameworks */ = {isa = PBXBuildFile; productRef = 43AD2B8E2B55C5F60010B718 /* Kingfisher */; };
		43C972042A4987D6000D1E6B /* LibraryView.swift in Sources */ = {isa = PBXBuildFile; fileRef = 43C972032A4987D6000D1E6B /* LibraryView.swift */; };
		43C972072A498A32000D1E6B /* ImagePicker.swift in Sources */ = {isa = PBXBuildFile; fileRef = 43C972062A498A32000D1E6B /* ImagePicker.swift */; };
		43C9720B2A498A7C000D1E6B /* DocumentPicker.swift in Sources */ = {isa = PBXBuildFile; fileRef = 43C9720A2A498A7C000D1E6B /* DocumentPicker.swift */; };
		43C9720D2A4A9AEA000D1E6B /* DocumentCellComponent.swift in Sources */ = {isa = PBXBuildFile; fileRef = 43C9720C2A4A9AEA000D1E6B /* DocumentCellComponent.swift */; };
		43C9720F2A4AF081000D1E6B /* LibraryViewModel.swift in Sources */ = {isa = PBXBuildFile; fileRef = 43C9720E2A4AF081000D1E6B /* LibraryViewModel.swift */; };
		43C972122A4C344F000D1E6B /* LoaderComponent.swift in Sources */ = {isa = PBXBuildFile; fileRef = 43C972112A4C344F000D1E6B /* LoaderComponent.swift */; };
		43C972142A4C362F000D1E6B /* WebView.swift in Sources */ = {isa = PBXBuildFile; fileRef = 43C972132A4C362F000D1E6B /* WebView.swift */; };
		43C972162A4C36D2000D1E6B /* FileViewerView.swift in Sources */ = {isa = PBXBuildFile; fileRef = 43C972152A4C36D2000D1E6B /* FileViewerView.swift */; };
		43FA00CD2B2316620035E6FC /* UserViewModel.swift in Sources */ = {isa = PBXBuildFile; fileRef = 43FA009A2B2316620035E6FC /* UserViewModel.swift */; };
		43FA00CE2B2316620035E6FC /* ChatViewModel.swift in Sources */ = {isa = PBXBuildFile; fileRef = 43FA009B2B2316620035E6FC /* ChatViewModel.swift */; };
		43FA00CF2B2316620035E6FC /* BadgeViewModel.swift in Sources */ = {isa = PBXBuildFile; fileRef = 43FA009C2B2316620035E6FC /* BadgeViewModel.swift */; };
		43FA00D02B2316620035E6FC /* CommunityViewModel.swift in Sources */ = {isa = PBXBuildFile; fileRef = 43FA009D2B2316620035E6FC /* CommunityViewModel.swift */; };
		43FA00D12B2316620035E6FC /* DummyUI.swift in Sources */ = {isa = PBXBuildFile; fileRef = 43FA009E2B2316620035E6FC /* DummyUI.swift */; };
		43FA00D42B2316620035E6FC /* AuthenticationViewModel.swift in Sources */ = {isa = PBXBuildFile; fileRef = 43FA00A12B2316620035E6FC /* AuthenticationViewModel.swift */; };
		43FA00D52B2316620035E6FC /* ProfileViewModel.swift in Sources */ = {isa = PBXBuildFile; fileRef = 43FA00A22B2316620035E6FC /* ProfileViewModel.swift */; };
		43FA00D62B2316620035E6FC /* CustomRoundedButton.swift in Sources */ = {isa = PBXBuildFile; fileRef = 43FA00A52B2316620035E6FC /* CustomRoundedButton.swift */; };
		43FA00D72B2316620035E6FC /* ChatRoomSettingsComponent.swift in Sources */ = {isa = PBXBuildFile; fileRef = 43FA00A62B2316620035E6FC /* ChatRoomSettingsComponent.swift */; };
		43FA00D82B2316620035E6FC /* ChatRoomInfoComponent.swift in Sources */ = {isa = PBXBuildFile; fileRef = 43FA00A72B2316620035E6FC /* ChatRoomInfoComponent.swift */; };
		43FA00D92B2316620035E6FC /* MessageInputComponent.swift in Sources */ = {isa = PBXBuildFile; fileRef = 43FA00A82B2316620035E6FC /* MessageInputComponent.swift */; };
		43FA00DC2B2316620035E6FC /* StudyScheduleComponent.swift in Sources */ = {isa = PBXBuildFile; fileRef = 43FA00AB2B2316620035E6FC /* StudyScheduleComponent.swift */; };
		43FA00DD2B2316620035E6FC /* MembersBubbleComponent.swift in Sources */ = {isa = PBXBuildFile; fileRef = 43FA00AC2B2316620035E6FC /* MembersBubbleComponent.swift */; };
		43FA00DE2B2316620035E6FC /* MessageBubbleComponent.swift in Sources */ = {isa = PBXBuildFile; fileRef = 43FA00AD2B2316620035E6FC /* MessageBubbleComponent.swift */; };
		43FA00DF2B2316620035E6FC /* PillsButtonComponent.swift in Sources */ = {isa = PBXBuildFile; fileRef = 43FA00AE2B2316620035E6FC /* PillsButtonComponent.swift */; };
		43FA00E02B2316620035E6FC /* CustomTextField.swift in Sources */ = {isa = PBXBuildFile; fileRef = 43FA00AF2B2316620035E6FC /* CustomTextField.swift */; };
		43FA00E32B2316620035E6FC /* BadgeComponent.swift in Sources */ = {isa = PBXBuildFile; fileRef = 43FA00B22B2316620035E6FC /* BadgeComponent.swift */; };
		43FA00E42B2316620035E6FC /* ProfileHeaderComponent.swift in Sources */ = {isa = PBXBuildFile; fileRef = 43FA00B32B2316620035E6FC /* ProfileHeaderComponent.swift */; };
		43FA00E62B2316620035E6FC /* HeaderComponent.swift in Sources */ = {isa = PBXBuildFile; fileRef = 43FA00B52B2316620035E6FC /* HeaderComponent.swift */; };
		43FA00E92B2316620035E6FC /* SetScheduleView.swift in Sources */ = {isa = PBXBuildFile; fileRef = 43FA00B92B2316620035E6FC /* SetScheduleView.swift */; };
		43FA00EA2B2316620035E6FC /* CommunityPageView.swift in Sources */ = {isa = PBXBuildFile; fileRef = 43FA00BA2B2316620035E6FC /* CommunityPageView.swift */; };
		43FA00EB2B2316620035E6FC /* ChatRoomView.swift in Sources */ = {isa = PBXBuildFile; fileRef = 43FA00BB2B2316620035E6FC /* ChatRoomView.swift */; };
		43FA00EC2B2316620035E6FC /* ChatMembersView.swift in Sources */ = {isa = PBXBuildFile; fileRef = 43FA00BC2B2316620035E6FC /* ChatMembersView.swift */; };
		43FA00ED2B2316620035E6FC /* DiscoverPageView.swift in Sources */ = {isa = PBXBuildFile; fileRef = 43FA00BD2B2316620035E6FC /* DiscoverPageView.swift */; };
		43FA00EF2B2316620035E6FC /* SearchBarComponent.swift in Sources */ = {isa = PBXBuildFile; fileRef = 43FA00BF2B2316620035E6FC /* SearchBarComponent.swift */; };
		43FA00F12B2316620035E6FC /* ProfilePageView.swift in Sources */ = {isa = PBXBuildFile; fileRef = 43FA00C12B2316620035E6FC /* ProfilePageView.swift */; };
		43FA00F22B2316620035E6FC /* InterestPageView.swift in Sources */ = {isa = PBXBuildFile; fileRef = 43FA00C22B2316620035E6FC /* InterestPageView.swift */; };
		43FA00F32B2316620035E6FC /* TabBarNavigation.swift in Sources */ = {isa = PBXBuildFile; fileRef = 43FA00C32B2316620035E6FC /* TabBarNavigation.swift */; };
		43FA00F42B2316620035E6FC /* MasterView.swift in Sources */ = {isa = PBXBuildFile; fileRef = 43FA00C42B2316620035E6FC /* MasterView.swift */; };
		43FA00F52B2316620035E6FC /* CreateCommunityButtonComponent.swift in Sources */ = {isa = PBXBuildFile; fileRef = 43FA00C52B2316620035E6FC /* CreateCommunityButtonComponent.swift */; };
		43FA00F62B2316620035E6FC /* CreateCommunityPageView.swift in Sources */ = {isa = PBXBuildFile; fileRef = 43FA00C62B2316620035E6FC /* CreateCommunityPageView.swift */; };
		43FA00F72B2316620035E6FC /* BadgeEarnedView.swift in Sources */ = {isa = PBXBuildFile; fileRef = 43FA00C72B2316620035E6FC /* BadgeEarnedView.swift */; };
		43FA00F82B2316620035E6FC /* RegisterPageView.swift in Sources */ = {isa = PBXBuildFile; fileRef = 43FA00C92B2316620035E6FC /* RegisterPageView.swift */; };
		43FA00F92B2316620035E6FC /* OnboardingPageView.swift in Sources */ = {isa = PBXBuildFile; fileRef = 43FA00CA2B2316620035E6FC /* OnboardingPageView.swift */; };
		43FA00FB2B2316620035E6FC /* LoginPageView.swift in Sources */ = {isa = PBXBuildFile; fileRef = 43FA00CC2B2316620035E6FC /* LoginPageView.swift */; };
		767B370E2A4D2570004B38FE /* FirebaseAuth in Frameworks */ = {isa = PBXBuildFile; productRef = 767B370D2A4D2570004B38FE /* FirebaseAuth */; };
		767B371A2A4D2570004B38FE /* FirebaseFirestore in Frameworks */ = {isa = PBXBuildFile; productRef = 767B37192A4D2570004B38FE /* FirebaseFirestore */; };
		767B371E2A4D2570004B38FE /* FirebaseFirestoreSwift in Frameworks */ = {isa = PBXBuildFile; productRef = 767B371D2A4D2570004B38FE /* FirebaseFirestoreSwift */; };
		767B372C2A4D2570004B38FE /* FirebaseMessaging in Frameworks */ = {isa = PBXBuildFile; productRef = 767B372B2A4D2570004B38FE /* FirebaseMessaging */; };
		767B37342A4D2570004B38FE /* FirebaseStorage in Frameworks */ = {isa = PBXBuildFile; productRef = 767B37332A4D2570004B38FE /* FirebaseStorage */; };
		ACC72EC22A43E9E90006AE64 /* Badge.swift in Sources */ = {isa = PBXBuildFile; fileRef = ACC72EC12A43E9E90006AE64 /* Badge.swift */; };
		ACC72EC42A43EA450006AE64 /* Community.swift in Sources */ = {isa = PBXBuildFile; fileRef = ACC72EC32A43EA450006AE64 /* Community.swift */; };
		ACC72EC62A43EA650006AE64 /* Library.swift in Sources */ = {isa = PBXBuildFile; fileRef = ACC72EC52A43EA650006AE64 /* Library.swift */; };
		ACC72EC82A43EA8E0006AE64 /* Chat.swift in Sources */ = {isa = PBXBuildFile; fileRef = ACC72EC72A43EA8E0006AE64 /* Chat.swift */; };
		ACF273992A41FD9F00DB1BA3 /* studybuddyApp.swift in Sources */ = {isa = PBXBuildFile; fileRef = ACF273982A41FD9F00DB1BA3 /* studybuddyApp.swift */; };
		ACF2739D2A41FDA100DB1BA3 /* Assets.xcassets in Resources */ = {isa = PBXBuildFile; fileRef = ACF2739C2A41FDA100DB1BA3 /* Assets.xcassets */; };
		ACF273A02A41FDA100DB1BA3 /* Preview Assets.xcassets in Resources */ = {isa = PBXBuildFile; fileRef = ACF2739F2A41FDA100DB1BA3 /* Preview Assets.xcassets */; };
		ACF273A72A41FDEB00DB1BA3 /* GoogleService-Info.plist in Resources */ = {isa = PBXBuildFile; fileRef = ACF273A62A41FDEB00DB1BA3 /* GoogleService-Info.plist */; };
		ACF808532A42D95F0050D549 /* UserModel.swift in Sources */ = {isa = PBXBuildFile; fileRef = ACF808522A42D95F0050D549 /* UserModel.swift */; };
/* End PBXBuildFile section */

/* Begin PBXFileReference section */
		431C88AC2B567B8C00245E83 /* CommunityManager.swift */ = {isa = PBXFileReference; lastKnownFileType = sourcecode.swift; path = CommunityManager.swift; sourceTree = "<group>"; };
		431C88AF2B5684F500245E83 /* CommunityMember.swift */ = {isa = PBXFileReference; lastKnownFileType = sourcecode.swift; path = CommunityMember.swift; sourceTree = "<group>"; };
		4342DBB92B31C2AE00D79AF6 /* Images.swift */ = {isa = PBXFileReference; lastKnownFileType = sourcecode.swift; path = Images.swift; sourceTree = "<group>"; };
		4342DBBB2B31C32700D79AF6 /* Colors.swift */ = {isa = PBXFileReference; lastKnownFileType = sourcecode.swift; path = Colors.swift; sourceTree = "<group>"; };
		4342DBC12B31C41600D79AF6 /* CustomButton.swift */ = {isa = PBXFileReference; fileEncoding = 4; lastKnownFileType = sourcecode.swift; path = CustomButton.swift; sourceTree = "<group>"; };
		43AD2B6A2B4E7BF40010B718 /* BadgeView.swift */ = {isa = PBXFileReference; lastKnownFileType = sourcecode.swift; path = BadgeView.swift; sourceTree = "<group>"; };
		43AD2B712B4E7F860010B718 /* CommunityCardComponent.swift */ = {isa = PBXFileReference; lastKnownFileType = sourcecode.swift; path = CommunityCardComponent.swift; sourceTree = "<group>"; };
		43AD2B742B4E84A00010B718 /* CardComponent.swift */ = {isa = PBXFileReference; fileEncoding = 4; lastKnownFileType = sourcecode.swift; path = CardComponent.swift; sourceTree = "<group>"; };
		43AD2B762B4E95250010B718 /* AuthenticationManager.swift */ = {isa = PBXFileReference; lastKnownFileType = sourcecode.swift; path = AuthenticationManager.swift; sourceTree = "<group>"; };
		43AD2B782B4E9EE00010B718 /* UserManager.swift */ = {isa = PBXFileReference; lastKnownFileType = sourcecode.swift; path = UserManager.swift; sourceTree = "<group>"; };
		43AD2B7A2B4EADC70010B718 /* Alerts.swift */ = {isa = PBXFileReference; lastKnownFileType = sourcecode.swift; path = Alerts.swift; sourceTree = "<group>"; };
		43AD2B7C2B5432530010B718 /* CustomTextFieldWithSymbol.swift */ = {isa = PBXFileReference; lastKnownFileType = sourcecode.swift; path = CustomTextFieldWithSymbol.swift; sourceTree = "<group>"; };
		43AD2B872B5461D50010B718 /* Categories.swift */ = {isa = PBXFileReference; lastKnownFileType = sourcecode.swift; path = Categories.swift; sourceTree = "<group>"; };
		43AD2B892B5528750010B718 /* StorageManager.swift */ = {isa = PBXFileReference; lastKnownFileType = sourcecode.swift; path = StorageManager.swift; sourceTree = "<group>"; };
		43AD2B8B2B5534A50010B718 /* BadgeManager.swift */ = {isa = PBXFileReference; lastKnownFileType = sourcecode.swift; path = BadgeManager.swift; sourceTree = "<group>"; };
		43C972032A4987D6000D1E6B /* LibraryView.swift */ = {isa = PBXFileReference; lastKnownFileType = sourcecode.swift; path = LibraryView.swift; sourceTree = "<group>"; };
		43C972062A498A32000D1E6B /* ImagePicker.swift */ = {isa = PBXFileReference; lastKnownFileType = sourcecode.swift; path = ImagePicker.swift; sourceTree = "<group>"; };
		43C9720A2A498A7C000D1E6B /* DocumentPicker.swift */ = {isa = PBXFileReference; lastKnownFileType = sourcecode.swift; path = DocumentPicker.swift; sourceTree = "<group>"; };
		43C9720C2A4A9AEA000D1E6B /* DocumentCellComponent.swift */ = {isa = PBXFileReference; lastKnownFileType = sourcecode.swift; path = DocumentCellComponent.swift; sourceTree = "<group>"; };
		43C9720E2A4AF081000D1E6B /* LibraryViewModel.swift */ = {isa = PBXFileReference; lastKnownFileType = sourcecode.swift; path = LibraryViewModel.swift; sourceTree = "<group>"; };
		43C972112A4C344F000D1E6B /* LoaderComponent.swift */ = {isa = PBXFileReference; lastKnownFileType = sourcecode.swift; path = LoaderComponent.swift; sourceTree = "<group>"; };
		43C972132A4C362F000D1E6B /* WebView.swift */ = {isa = PBXFileReference; lastKnownFileType = sourcecode.swift; path = WebView.swift; sourceTree = "<group>"; };
		43C972152A4C36D2000D1E6B /* FileViewerView.swift */ = {isa = PBXFileReference; lastKnownFileType = sourcecode.swift; path = FileViewerView.swift; sourceTree = "<group>"; };
		43C972192A4E8383000D1E6B /* studybuddy.entitlements */ = {isa = PBXFileReference; lastKnownFileType = text.plist.entitlements; path = studybuddy.entitlements; sourceTree = "<group>"; };
		43FA009A2B2316620035E6FC /* UserViewModel.swift */ = {isa = PBXFileReference; fileEncoding = 4; lastKnownFileType = sourcecode.swift; path = UserViewModel.swift; sourceTree = "<group>"; };
		43FA009B2B2316620035E6FC /* ChatViewModel.swift */ = {isa = PBXFileReference; fileEncoding = 4; lastKnownFileType = sourcecode.swift; path = ChatViewModel.swift; sourceTree = "<group>"; };
		43FA009C2B2316620035E6FC /* BadgeViewModel.swift */ = {isa = PBXFileReference; fileEncoding = 4; lastKnownFileType = sourcecode.swift; path = BadgeViewModel.swift; sourceTree = "<group>"; };
		43FA009D2B2316620035E6FC /* CommunityViewModel.swift */ = {isa = PBXFileReference; fileEncoding = 4; lastKnownFileType = sourcecode.swift; path = CommunityViewModel.swift; sourceTree = "<group>"; };
		43FA009E2B2316620035E6FC /* DummyUI.swift */ = {isa = PBXFileReference; fileEncoding = 4; lastKnownFileType = sourcecode.swift; path = DummyUI.swift; sourceTree = "<group>"; };
		43FA00A12B2316620035E6FC /* AuthenticationViewModel.swift */ = {isa = PBXFileReference; fileEncoding = 4; lastKnownFileType = sourcecode.swift; path = AuthenticationViewModel.swift; sourceTree = "<group>"; };
		43FA00A22B2316620035E6FC /* ProfileViewModel.swift */ = {isa = PBXFileReference; fileEncoding = 4; lastKnownFileType = sourcecode.swift; path = ProfileViewModel.swift; sourceTree = "<group>"; };
		43FA00A52B2316620035E6FC /* CustomRoundedButton.swift */ = {isa = PBXFileReference; fileEncoding = 4; lastKnownFileType = sourcecode.swift; path = CustomRoundedButton.swift; sourceTree = "<group>"; };
		43FA00A62B2316620035E6FC /* ChatRoomSettingsComponent.swift */ = {isa = PBXFileReference; fileEncoding = 4; lastKnownFileType = sourcecode.swift; path = ChatRoomSettingsComponent.swift; sourceTree = "<group>"; };
		43FA00A72B2316620035E6FC /* ChatRoomInfoComponent.swift */ = {isa = PBXFileReference; fileEncoding = 4; lastKnownFileType = sourcecode.swift; path = ChatRoomInfoComponent.swift; sourceTree = "<group>"; };
		43FA00A82B2316620035E6FC /* MessageInputComponent.swift */ = {isa = PBXFileReference; fileEncoding = 4; lastKnownFileType = sourcecode.swift; path = MessageInputComponent.swift; sourceTree = "<group>"; };
		43FA00AB2B2316620035E6FC /* StudyScheduleComponent.swift */ = {isa = PBXFileReference; fileEncoding = 4; lastKnownFileType = sourcecode.swift; path = StudyScheduleComponent.swift; sourceTree = "<group>"; };
		43FA00AC2B2316620035E6FC /* MembersBubbleComponent.swift */ = {isa = PBXFileReference; fileEncoding = 4; lastKnownFileType = sourcecode.swift; path = MembersBubbleComponent.swift; sourceTree = "<group>"; };
		43FA00AD2B2316620035E6FC /* MessageBubbleComponent.swift */ = {isa = PBXFileReference; fileEncoding = 4; lastKnownFileType = sourcecode.swift; path = MessageBubbleComponent.swift; sourceTree = "<group>"; };
		43FA00AE2B2316620035E6FC /* PillsButtonComponent.swift */ = {isa = PBXFileReference; fileEncoding = 4; lastKnownFileType = sourcecode.swift; path = PillsButtonComponent.swift; sourceTree = "<group>"; };
		43FA00AF2B2316620035E6FC /* CustomTextField.swift */ = {isa = PBXFileReference; fileEncoding = 4; lastKnownFileType = sourcecode.swift; path = CustomTextField.swift; sourceTree = "<group>"; };
		43FA00B22B2316620035E6FC /* BadgeComponent.swift */ = {isa = PBXFileReference; fileEncoding = 4; lastKnownFileType = sourcecode.swift; path = BadgeComponent.swift; sourceTree = "<group>"; };
		43FA00B32B2316620035E6FC /* ProfileHeaderComponent.swift */ = {isa = PBXFileReference; fileEncoding = 4; lastKnownFileType = sourcecode.swift; path = ProfileHeaderComponent.swift; sourceTree = "<group>"; };
		43FA00B52B2316620035E6FC /* HeaderComponent.swift */ = {isa = PBXFileReference; fileEncoding = 4; lastKnownFileType = sourcecode.swift; path = HeaderComponent.swift; sourceTree = "<group>"; };
		43FA00B92B2316620035E6FC /* SetScheduleView.swift */ = {isa = PBXFileReference; fileEncoding = 4; lastKnownFileType = sourcecode.swift; path = SetScheduleView.swift; sourceTree = "<group>"; };
		43FA00BA2B2316620035E6FC /* CommunityPageView.swift */ = {isa = PBXFileReference; fileEncoding = 4; lastKnownFileType = sourcecode.swift; path = CommunityPageView.swift; sourceTree = "<group>"; };
		43FA00BB2B2316620035E6FC /* ChatRoomView.swift */ = {isa = PBXFileReference; fileEncoding = 4; lastKnownFileType = sourcecode.swift; path = ChatRoomView.swift; sourceTree = "<group>"; };
		43FA00BC2B2316620035E6FC /* ChatMembersView.swift */ = {isa = PBXFileReference; fileEncoding = 4; lastKnownFileType = sourcecode.swift; path = ChatMembersView.swift; sourceTree = "<group>"; };
		43FA00BD2B2316620035E6FC /* DiscoverPageView.swift */ = {isa = PBXFileReference; fileEncoding = 4; lastKnownFileType = sourcecode.swift; path = DiscoverPageView.swift; sourceTree = "<group>"; };
		43FA00BF2B2316620035E6FC /* SearchBarComponent.swift */ = {isa = PBXFileReference; fileEncoding = 4; lastKnownFileType = sourcecode.swift; path = SearchBarComponent.swift; sourceTree = "<group>"; };
		43FA00C12B2316620035E6FC /* ProfilePageView.swift */ = {isa = PBXFileReference; fileEncoding = 4; lastKnownFileType = sourcecode.swift; path = ProfilePageView.swift; sourceTree = "<group>"; };
		43FA00C22B2316620035E6FC /* InterestPageView.swift */ = {isa = PBXFileReference; fileEncoding = 4; lastKnownFileType = sourcecode.swift; path = InterestPageView.swift; sourceTree = "<group>"; };
		43FA00C32B2316620035E6FC /* TabBarNavigation.swift */ = {isa = PBXFileReference; fileEncoding = 4; lastKnownFileType = sourcecode.swift; path = TabBarNavigation.swift; sourceTree = "<group>"; };
		43FA00C42B2316620035E6FC /* MasterView.swift */ = {isa = PBXFileReference; fileEncoding = 4; lastKnownFileType = sourcecode.swift; path = MasterView.swift; sourceTree = "<group>"; };
		43FA00C52B2316620035E6FC /* CreateCommunityButtonComponent.swift */ = {isa = PBXFileReference; fileEncoding = 4; lastKnownFileType = sourcecode.swift; path = CreateCommunityButtonComponent.swift; sourceTree = "<group>"; };
		43FA00C62B2316620035E6FC /* CreateCommunityPageView.swift */ = {isa = PBXFileReference; fileEncoding = 4; lastKnownFileType = sourcecode.swift; path = CreateCommunityPageView.swift; sourceTree = "<group>"; };
		43FA00C72B2316620035E6FC /* BadgeEarnedView.swift */ = {isa = PBXFileReference; fileEncoding = 4; lastKnownFileType = sourcecode.swift; path = BadgeEarnedView.swift; sourceTree = "<group>"; };
		43FA00C92B2316620035E6FC /* RegisterPageView.swift */ = {isa = PBXFileReference; fileEncoding = 4; lastKnownFileType = sourcecode.swift; path = RegisterPageView.swift; sourceTree = "<group>"; };
		43FA00CA2B2316620035E6FC /* OnboardingPageView.swift */ = {isa = PBXFileReference; fileEncoding = 4; lastKnownFileType = sourcecode.swift; path = OnboardingPageView.swift; sourceTree = "<group>"; };
		43FA00CC2B2316620035E6FC /* LoginPageView.swift */ = {isa = PBXFileReference; fileEncoding = 4; lastKnownFileType = sourcecode.swift; path = LoginPageView.swift; sourceTree = "<group>"; };
		769D72AA2A4D200C004E9E74 /* Info.plist */ = {isa = PBXFileReference; fileEncoding = 4; lastKnownFileType = text.plist.xml; path = Info.plist; sourceTree = "<group>"; };
		ACC72EC12A43E9E90006AE64 /* Badge.swift */ = {isa = PBXFileReference; lastKnownFileType = sourcecode.swift; path = Badge.swift; sourceTree = "<group>"; };
		ACC72EC32A43EA450006AE64 /* Community.swift */ = {isa = PBXFileReference; lastKnownFileType = sourcecode.swift; path = Community.swift; sourceTree = "<group>"; };
		ACC72EC52A43EA650006AE64 /* Library.swift */ = {isa = PBXFileReference; lastKnownFileType = sourcecode.swift; path = Library.swift; sourceTree = "<group>"; };
		ACC72EC72A43EA8E0006AE64 /* Chat.swift */ = {isa = PBXFileReference; lastKnownFileType = sourcecode.swift; path = Chat.swift; sourceTree = "<group>"; };
		ACF273952A41FD9F00DB1BA3 /* studybuddy.app */ = {isa = PBXFileReference; explicitFileType = wrapper.application; includeInIndex = 0; path = studybuddy.app; sourceTree = BUILT_PRODUCTS_DIR; };
		ACF273982A41FD9F00DB1BA3 /* studybuddyApp.swift */ = {isa = PBXFileReference; lastKnownFileType = sourcecode.swift; path = studybuddyApp.swift; sourceTree = "<group>"; };
		ACF2739C2A41FDA100DB1BA3 /* Assets.xcassets */ = {isa = PBXFileReference; lastKnownFileType = folder.assetcatalog; path = Assets.xcassets; sourceTree = "<group>"; };
		ACF2739F2A41FDA100DB1BA3 /* Preview Assets.xcassets */ = {isa = PBXFileReference; lastKnownFileType = folder.assetcatalog; path = "Preview Assets.xcassets"; sourceTree = "<group>"; };
		ACF273A62A41FDEB00DB1BA3 /* GoogleService-Info.plist */ = {isa = PBXFileReference; fileEncoding = 4; lastKnownFileType = text.plist.xml; path = "GoogleService-Info.plist"; sourceTree = "<group>"; };
		ACF808522A42D95F0050D549 /* UserModel.swift */ = {isa = PBXFileReference; lastKnownFileType = sourcecode.swift; path = UserModel.swift; sourceTree = "<group>"; };
/* End PBXFileReference section */

/* Begin PBXFrameworksBuildPhase section */
		ACF273922A41FD9F00DB1BA3 /* Frameworks */ = {
			isa = PBXFrameworksBuildPhase;
			buildActionMask = 2147483647;
			files = (
				767B371A2A4D2570004B38FE /* FirebaseFirestore in Frameworks */,
				767B371E2A4D2570004B38FE /* FirebaseFirestoreSwift in Frameworks */,
				767B370E2A4D2570004B38FE /* FirebaseAuth in Frameworks */,
				767B37342A4D2570004B38FE /* FirebaseStorage in Frameworks */,
				43AD2B8F2B55C5F60010B718 /* Kingfisher in Frameworks */,
				767B372C2A4D2570004B38FE /* FirebaseMessaging in Frameworks */,
				43AD2B802B5433680010B718 /* Lottie in Frameworks */,
				43AD2B832B5438850010B718 /* LottieUI in Frameworks */,
			);
			runOnlyForDeploymentPostprocessing = 0;
		};
/* End PBXFrameworksBuildPhase section */

/* Begin PBXGroup section */
		431C88AE2B5684E800245E83 /* Models */ = {
			isa = PBXGroup;
			children = (
				431C88AF2B5684F500245E83 /* CommunityMember.swift */,
			);
			path = Models;
			sourceTree = "<group>";
		};
		4342DBC02B31C41600D79AF6 /* Components */ = {
			isa = PBXGroup;
			children = (
				43C972112A4C344F000D1E6B /* LoaderComponent.swift */,
				43FA00AF2B2316620035E6FC /* CustomTextField.swift */,
				43FA00A52B2316620035E6FC /* CustomRoundedButton.swift */,
				43AD2B742B4E84A00010B718 /* CardComponent.swift */,
				4342DBC12B31C41600D79AF6 /* CustomButton.swift */,
			);
			path = Components;
			sourceTree = "<group>";
		};
		43AD2B622B4E79250010B718 /* Presenters */ = {
			isa = PBXGroup;
			children = (
				4342DBC02B31C41600D79AF6 /* Components */,
				43AD2B632B4E79540010B718 /* Views */,
			);
			path = Presenters;
			sourceTree = "<group>";
		};
		43AD2B632B4E79540010B718 /* Views */ = {
			isa = PBXGroup;
			children = (
				43FA00C42B2316620035E6FC /* MasterView.swift */,
				43FA00C72B2316620035E6FC /* BadgeEarnedView.swift */,
				43FA00C32B2316620035E6FC /* TabBarNavigation.swift */,
			);
			path = Views;
			sourceTree = "<group>";
		};
		43AD2B642B4E79B90010B718 /* FilePicker */ = {
			isa = PBXGroup;
			children = (
				43C972062A498A32000D1E6B /* ImagePicker.swift */,
				43C9720A2A498A7C000D1E6B /* DocumentPicker.swift */,
			);
			path = FilePicker;
			sourceTree = "<group>";
		};
		43AD2B652B4E79D80010B718 /* Components */ = {
			isa = PBXGroup;
			children = (
				43C9720C2A4A9AEA000D1E6B /* DocumentCellComponent.swift */,
			);
			path = Components;
			sourceTree = "<group>";
		};
		43AD2B662B4E7B590010B718 /* Profile */ = {
			isa = PBXGroup;
			children = (
				43AD2B862B5461C70010B718 /* Model */,
				43AD2B6C2B4E7C760010B718 /* ViewModels */,
				43AD2B672B4E7B600010B718 /* Presenters */,
			);
			path = Profile;
			sourceTree = "<group>";
		};
		43AD2B672B4E7B600010B718 /* Presenters */ = {
			isa = PBXGroup;
			children = (
				43AD2B692B4E7B770010B718 /* Components */,
				43AD2B682B4E7B670010B718 /* Views */,
			);
			path = Presenters;
			sourceTree = "<group>";
		};
		43AD2B682B4E7B670010B718 /* Views */ = {
			isa = PBXGroup;
			children = (
				43FA00C12B2316620035E6FC /* ProfilePageView.swift */,
				43FA00C22B2316620035E6FC /* InterestPageView.swift */,
				43AD2B6A2B4E7BF40010B718 /* BadgeView.swift */,
			);
			path = Views;
			sourceTree = "<group>";
		};
		43AD2B692B4E7B770010B718 /* Components */ = {
			isa = PBXGroup;
			children = (
				43FA00AE2B2316620035E6FC /* PillsButtonComponent.swift */,
				43FA00B32B2316620035E6FC /* ProfileHeaderComponent.swift */,
				43FA00B22B2316620035E6FC /* BadgeComponent.swift */,
			);
			path = Components;
			sourceTree = "<group>";
		};
		43AD2B6C2B4E7C760010B718 /* ViewModels */ = {
			isa = PBXGroup;
			children = (
				43FA009C2B2316620035E6FC /* BadgeViewModel.swift */,
				43FA009A2B2316620035E6FC /* UserViewModel.swift */,
				43FA00A22B2316620035E6FC /* ProfileViewModel.swift */,
			);
			path = ViewModels;
			sourceTree = "<group>";
		};
		43AD2B6D2B4E7CFC0010B718 /* Chat */ = {
			isa = PBXGroup;
			children = (
				43AD2B6F2B4E7D1C0010B718 /* Presenters */,
				43AD2B6E2B4E7D100010B718 /* ViewModels */,
			);
			path = Chat;
			sourceTree = "<group>";
		};
		43AD2B6E2B4E7D100010B718 /* ViewModels */ = {
			isa = PBXGroup;
			children = (
				43FA009B2B2316620035E6FC /* ChatViewModel.swift */,
			);
			path = ViewModels;
			sourceTree = "<group>";
		};
		43AD2B6F2B4E7D1C0010B718 /* Presenters */ = {
			isa = PBXGroup;
			children = (
				43AD2B732B4E811A0010B718 /* Component */,
				43AD2B702B4E7D270010B718 /* Views */,
			);
			path = Presenters;
			sourceTree = "<group>";
		};
		43AD2B702B4E7D270010B718 /* Views */ = {
			isa = PBXGroup;
			children = (
				43FA00BB2B2316620035E6FC /* ChatRoomView.swift */,
				43FA00BC2B2316620035E6FC /* ChatMembersView.swift */,
				43FA00B92B2316620035E6FC /* SetScheduleView.swift */,
			);
			path = Views;
			sourceTree = "<group>";
		};
		43AD2B732B4E811A0010B718 /* Component */ = {
			isa = PBXGroup;
			children = (
				43FA00A62B2316620035E6FC /* ChatRoomSettingsComponent.swift */,
				43FA00A72B2316620035E6FC /* ChatRoomInfoComponent.swift */,
				43FA00A82B2316620035E6FC /* MessageInputComponent.swift */,
				43FA00AB2B2316620035E6FC /* StudyScheduleComponent.swift */,
				43FA00AC2B2316620035E6FC /* MembersBubbleComponent.swift */,
				43FA00AD2B2316620035E6FC /* MessageBubbleComponent.swift */,
			);
			path = Component;
			sourceTree = "<group>";
		};
		43AD2B862B5461C70010B718 /* Model */ = {
			isa = PBXGroup;
			children = (
				43AD2B872B5461D50010B718 /* Categories.swift */,
			);
			path = Model;
			sourceTree = "<group>";
		};
		43C972002A498538000D1E6B /* Library */ = {
			isa = PBXGroup;
			children = (
				43FA00FD2B231F770035E6FC /* Models */,
				43FA00FC2B231F6E0035E6FC /* Presenters */,
				43C972022A49867F000D1E6B /* ViewModels */,
			);
			path = Library;
			sourceTree = "<group>";
		};
		43C972012A49866C000D1E6B /* Views */ = {
			isa = PBXGroup;
			children = (
				43C972032A4987D6000D1E6B /* LibraryView.swift */,
				43C972152A4C36D2000D1E6B /* FileViewerView.swift */,
				43C972132A4C362F000D1E6B /* WebView.swift */,
			);
			path = Views;
			sourceTree = "<group>";
		};
		43C972022A49867F000D1E6B /* ViewModels */ = {
			isa = PBXGroup;
			children = (
				43C9720E2A4AF081000D1E6B /* LibraryViewModel.swift */,
			);
			path = ViewModels;
			sourceTree = "<group>";
		};
		43FA00972B2316370035E6FC /* Community */ = {
			isa = PBXGroup;
			children = (
				431C88AE2B5684E800245E83 /* Models */,
				43FA00992B2316620035E6FC /* ViewModels */,
				43FA00982B2316620035E6FC /* Presenters */,
			);
			path = Community;
			sourceTree = "<group>";
		};
		43FA00982B2316620035E6FC /* Presenters */ = {
			isa = PBXGroup;
			children = (
				43FA00A42B2316620035E6FC /* Components */,
				43FA00A32B2316620035E6FC /* Views */,
			);
			path = Presenters;
			sourceTree = "<group>";
		};
		43FA00992B2316620035E6FC /* ViewModels */ = {
			isa = PBXGroup;
			children = (
				43FA009D2B2316620035E6FC /* CommunityViewModel.swift */,
				43FA009E2B2316620035E6FC /* DummyUI.swift */,
			);
			path = ViewModels;
			sourceTree = "<group>";
		};
		43FA00A32B2316620035E6FC /* Views */ = {
			isa = PBXGroup;
			children = (
				43FA00B72B2316620035E6FC /* Main */,
			);
			path = Views;
			sourceTree = "<group>";
		};
		43FA00A42B2316620035E6FC /* Components */ = {
			isa = PBXGroup;
			children = (
				43FA00C52B2316620035E6FC /* CreateCommunityButtonComponent.swift */,
				43FA00BF2B2316620035E6FC /* SearchBarComponent.swift */,
				43FA00B52B2316620035E6FC /* HeaderComponent.swift */,
				43AD2B712B4E7F860010B718 /* CommunityCardComponent.swift */,
				43AD2B7C2B5432530010B718 /* CustomTextFieldWithSymbol.swift */,
			);
			path = Components;
			sourceTree = "<group>";
		};
		43FA00B72B2316620035E6FC /* Main */ = {
			isa = PBXGroup;
			children = (
				43FA00BA2B2316620035E6FC /* CommunityPageView.swift */,
				43FA00BD2B2316620035E6FC /* DiscoverPageView.swift */,
				43FA00C62B2316620035E6FC /* CreateCommunityPageView.swift */,
			);
			path = Main;
			sourceTree = "<group>";
		};
		43FA00FC2B231F6E0035E6FC /* Presenters */ = {
			isa = PBXGroup;
			children = (
				43AD2B652B4E79D80010B718 /* Components */,
				43C972012A49866C000D1E6B /* Views */,
			);
			path = Presenters;
			sourceTree = "<group>";
		};
		43FA00FD2B231F770035E6FC /* Models */ = {
			isa = PBXGroup;
			children = (
			);
			path = Models;
			sourceTree = "<group>";
		};
		43FA00FE2B231FC60035E6FC /* Authentication */ = {
			isa = PBXGroup;
			children = (
				43FA01002B231FD40035E6FC /* Presenters */,
				43FA00FF2B231FCD0035E6FC /* ViewModels */,
			);
			path = Authentication;
			sourceTree = "<group>";
		};
		43FA00FF2B231FCD0035E6FC /* ViewModels */ = {
			isa = PBXGroup;
			children = (
				43FA00A12B2316620035E6FC /* AuthenticationViewModel.swift */,
			);
			path = ViewModels;
			sourceTree = "<group>";
		};
		43FA01002B231FD40035E6FC /* Presenters */ = {
			isa = PBXGroup;
			children = (
				43FA01022B231FE50035E6FC /* Components */,
				43FA01012B231FE00035E6FC /* Views */,
			);
			path = Presenters;
			sourceTree = "<group>";
		};
		43FA01012B231FE00035E6FC /* Views */ = {
			isa = PBXGroup;
			children = (
				43FA00C92B2316620035E6FC /* RegisterPageView.swift */,
				43FA00CA2B2316620035E6FC /* OnboardingPageView.swift */,
				43FA00CC2B2316620035E6FC /* LoginPageView.swift */,
			);
			path = Views;
			sourceTree = "<group>";
		};
		43FA01022B231FE50035E6FC /* Components */ = {
			isa = PBXGroup;
			children = (
			);
			path = Components;
			sourceTree = "<group>";
		};
		43FA01032B2324B40035E6FC /* Utilities */ = {
			isa = PBXGroup;
			children = (
				43AD2B642B4E79B90010B718 /* FilePicker */,
				43FA01042B2324C40035E6FC /* Firebase */,
			);
			path = Utilities;
			sourceTree = "<group>";
		};
		43FA01042B2324C40035E6FC /* Firebase */ = {
			isa = PBXGroup;
			children = (
				ACF273A62A41FDEB00DB1BA3 /* GoogleService-Info.plist */,
				43AD2B762B4E95250010B718 /* AuthenticationManager.swift */,
				43AD2B782B4E9EE00010B718 /* UserManager.swift */,
				43AD2B892B5528750010B718 /* StorageManager.swift */,
				43AD2B8B2B5534A50010B718 /* BadgeManager.swift */,
				431C88AC2B567B8C00245E83 /* CommunityManager.swift */,
			);
			path = Firebase;
			sourceTree = "<group>";
		};
		ACF2738C2A41FD9F00DB1BA3 = {
			isa = PBXGroup;
			children = (
				ACF273972A41FD9F00DB1BA3 /* studybuddy */,
				ACF273962A41FD9F00DB1BA3 /* Products */,
			);
			sourceTree = "<group>";
		};
		ACF273962A41FD9F00DB1BA3 /* Products */ = {
			isa = PBXGroup;
			children = (
				ACF273952A41FD9F00DB1BA3 /* studybuddy.app */,
			);
			name = Products;
			sourceTree = "<group>";
		};
		ACF273972A41FD9F00DB1BA3 /* studybuddy */ = {
			isa = PBXGroup;
			children = (
				43C972192A4E8383000D1E6B /* studybuddy.entitlements */,
				769D72AA2A4D200C004E9E74 /* Info.plist */,
				ACF808482A42D5A80050D549 /* Features */,
				ACF808472A42D5A20050D549 /* Core */,
				ACF808462A42D5930050D549 /* Config */,
				ACF2739E2A41FDA100DB1BA3 /* Preview Content */,
			);
			path = studybuddy;
			sourceTree = "<group>";
		};
		ACF2739E2A41FDA100DB1BA3 /* Preview Content */ = {
			isa = PBXGroup;
			children = (
				ACF2739F2A41FDA100DB1BA3 /* Preview Assets.xcassets */,
			);
			path = "Preview Content";
			sourceTree = "<group>";
		};
		ACF808462A42D5930050D549 /* Config */ = {
			isa = PBXGroup;
			children = (
				ACF8084A2A42D5E90050D549 /* Resources */,
				ACF808492A42D5DB0050D549 /* Apps */,
			);
			path = Config;
			sourceTree = "<group>";
		};
		ACF808472A42D5A20050D549 /* Core */ = {
			isa = PBXGroup;
			children = (
				43FA01032B2324B40035E6FC /* Utilities */,
				ACF8084C2A42D6430050D549 /* Data */,
				ACF8084B2A42D63B0050D549 /* Themes */,
			);
			path = Core;
			sourceTree = "<group>";
		};
		ACF808482A42D5A80050D549 /* Features */ = {
			isa = PBXGroup;
			children = (
				43AD2B6D2B4E7CFC0010B718 /* Chat */,
				43AD2B662B4E7B590010B718 /* Profile */,
				43FA00FE2B231FC60035E6FC /* Authentication */,
				43FA00972B2316370035E6FC /* Community */,
				43C972002A498538000D1E6B /* Library */,
			);
			path = Features;
			sourceTree = "<group>";
		};
		ACF808492A42D5DB0050D549 /* Apps */ = {
			isa = PBXGroup;
			children = (
				ACF273982A41FD9F00DB1BA3 /* studybuddyApp.swift */,
			);
			path = Apps;
			sourceTree = "<group>";
		};
		ACF8084A2A42D5E90050D549 /* Resources */ = {
			isa = PBXGroup;
			children = (
				ACF2739C2A41FDA100DB1BA3 /* Assets.xcassets */,
			);
			path = Resources;
			sourceTree = "<group>";
		};
		ACF8084B2A42D63B0050D549 /* Themes */ = {
			isa = PBXGroup;
			children = (
				43AD2B622B4E79250010B718 /* Presenters */,
				4342DBB92B31C2AE00D79AF6 /* Images.swift */,
				4342DBBB2B31C32700D79AF6 /* Colors.swift */,
				43AD2B7A2B4EADC70010B718 /* Alerts.swift */,
			);
			path = Themes;
			sourceTree = "<group>";
		};
		ACF8084C2A42D6430050D549 /* Data */ = {
			isa = PBXGroup;
			children = (
				ACF808512A42D6BC0050D549 /* Entities */,
			);
			path = Data;
			sourceTree = "<group>";
		};
		ACF808512A42D6BC0050D549 /* Entities */ = {
			isa = PBXGroup;
			children = (
				ACF808522A42D95F0050D549 /* UserModel.swift */,
				ACC72EC12A43E9E90006AE64 /* Badge.swift */,
				ACC72EC32A43EA450006AE64 /* Community.swift */,
				ACC72EC52A43EA650006AE64 /* Library.swift */,
				ACC72EC72A43EA8E0006AE64 /* Chat.swift */,
			);
			path = Entities;
			sourceTree = "<group>";
		};
/* End PBXGroup section */

/* Begin PBXNativeTarget section */
		ACF273942A41FD9F00DB1BA3 /* studybuddy */ = {
			isa = PBXNativeTarget;
			buildConfigurationList = ACF273A32A41FDA100DB1BA3 /* Build configuration list for PBXNativeTarget "studybuddy" */;
			buildPhases = (
				ACF273912A41FD9F00DB1BA3 /* Sources */,
				ACF273922A41FD9F00DB1BA3 /* Frameworks */,
				ACF273932A41FD9F00DB1BA3 /* Resources */,
			);
			buildRules = (
			);
			dependencies = (
			);
			name = studybuddy;
			packageProductDependencies = (
				767B370D2A4D2570004B38FE /* FirebaseAuth */,
				767B37192A4D2570004B38FE /* FirebaseFirestore */,
				767B371D2A4D2570004B38FE /* FirebaseFirestoreSwift */,
				767B372B2A4D2570004B38FE /* FirebaseMessaging */,
				767B37332A4D2570004B38FE /* FirebaseStorage */,
				43AD2B7F2B5433680010B718 /* Lottie */,
				43AD2B822B5438850010B718 /* LottieUI */,
				43AD2B8E2B55C5F60010B718 /* Kingfisher */,
			);
			productName = studybuddy;
			productReference = ACF273952A41FD9F00DB1BA3 /* studybuddy.app */;
			productType = "com.apple.product-type.application";
		};
/* End PBXNativeTarget section */

/* Begin PBXProject section */
		ACF2738D2A41FD9F00DB1BA3 /* Project object */ = {
			isa = PBXProject;
			attributes = {
				BuildIndependentTargetsInParallel = 1;
				LastSwiftUpdateCheck = 1430;
				LastUpgradeCheck = 1430;
				TargetAttributes = {
					ACF273942A41FD9F00DB1BA3 = {
						CreatedOnToolsVersion = 14.3;
					};
				};
			};
			buildConfigurationList = ACF273902A41FD9F00DB1BA3 /* Build configuration list for PBXProject "studybuddy" */;
			compatibilityVersion = "Xcode 14.0";
			developmentRegion = en;
			hasScannedForEncodings = 0;
			knownRegions = (
				en,
				Base,
			);
			mainGroup = ACF2738C2A41FD9F00DB1BA3;
			packageReferences = (
				767B37002A4D2570004B38FE /* XCRemoteSwiftPackageReference "firebase-ios-sdk" */,
				43AD2B7E2B5433680010B718 /* XCRemoteSwiftPackageReference "lottie-spm" */,
				43AD2B812B5438850010B718 /* XCRemoteSwiftPackageReference "LottieUI" */,
				43AD2B8D2B55C5F60010B718 /* XCRemoteSwiftPackageReference "Kingfisher" */,
			);
			productRefGroup = ACF273962A41FD9F00DB1BA3 /* Products */;
			projectDirPath = "";
			projectRoot = "";
			targets = (
				ACF273942A41FD9F00DB1BA3 /* studybuddy */,
			);
		};
/* End PBXProject section */

/* Begin PBXResourcesBuildPhase section */
		ACF273932A41FD9F00DB1BA3 /* Resources */ = {
			isa = PBXResourcesBuildPhase;
			buildActionMask = 2147483647;
			files = (
				ACF273A02A41FDA100DB1BA3 /* Preview Assets.xcassets in Resources */,
				ACF2739D2A41FDA100DB1BA3 /* Assets.xcassets in Resources */,
				ACF273A72A41FDEB00DB1BA3 /* GoogleService-Info.plist in Resources */,
			);
			runOnlyForDeploymentPostprocessing = 0;
		};
/* End PBXResourcesBuildPhase section */

/* Begin PBXSourcesBuildPhase section */
		ACF273912A41FD9F00DB1BA3 /* Sources */ = {
			isa = PBXSourcesBuildPhase;
			buildActionMask = 2147483647;
			files = (
				43C972162A4C36D2000D1E6B /* FileViewerView.swift in Sources */,
				43C972072A498A32000D1E6B /* ImagePicker.swift in Sources */,
				43FA00EB2B2316620035E6FC /* ChatRoomView.swift in Sources */,
				43FA00DD2B2316620035E6FC /* MembersBubbleComponent.swift in Sources */,
				4342DBC22B31C41600D79AF6 /* CustomButton.swift in Sources */,
				43FA00F92B2316620035E6FC /* OnboardingPageView.swift in Sources */,
				43FA00D12B2316620035E6FC /* DummyUI.swift in Sources */,
				43FA00E32B2316620035E6FC /* BadgeComponent.swift in Sources */,
				43FA00D42B2316620035E6FC /* AuthenticationViewModel.swift in Sources */,
				43AD2B772B4E95250010B718 /* AuthenticationManager.swift in Sources */,
				43C972142A4C362F000D1E6B /* WebView.swift in Sources */,
				43FA00E02B2316620035E6FC /* CustomTextField.swift in Sources */,
				43AD2B7B2B4EADC70010B718 /* Alerts.swift in Sources */,
				431C88B02B5684F500245E83 /* CommunityMember.swift in Sources */,
				43FA00F42B2316620035E6FC /* MasterView.swift in Sources */,
				43C972042A4987D6000D1E6B /* LibraryView.swift in Sources */,
				43C9720D2A4A9AEA000D1E6B /* DocumentCellComponent.swift in Sources */,
				ACC72EC42A43EA450006AE64 /* Community.swift in Sources */,
				431C88AD2B567B8C00245E83 /* CommunityManager.swift in Sources */,
				43FA00F22B2316620035E6FC /* InterestPageView.swift in Sources */,
				ACC72EC82A43EA8E0006AE64 /* Chat.swift in Sources */,
				4342DBBC2B31C32700D79AF6 /* Colors.swift in Sources */,
				43C9720B2A498A7C000D1E6B /* DocumentPicker.swift in Sources */,
				43FA00D62B2316620035E6FC /* CustomRoundedButton.swift in Sources */,
				43AD2B792B4E9EE00010B718 /* UserManager.swift in Sources */,
				43FA00D72B2316620035E6FC /* ChatRoomSettingsComponent.swift in Sources */,
				43FA00F52B2316620035E6FC /* CreateCommunityButtonComponent.swift in Sources */,
				43FA00E92B2316620035E6FC /* SetScheduleView.swift in Sources */,
				ACC72EC22A43E9E90006AE64 /* Badge.swift in Sources */,
				43FA00EF2B2316620035E6FC /* SearchBarComponent.swift in Sources */,
				43FA00F72B2316620035E6FC /* BadgeEarnedView.swift in Sources */,
				43C972122A4C344F000D1E6B /* LoaderComponent.swift in Sources */,
				43FA00F32B2316620035E6FC /* TabBarNavigation.swift in Sources */,
				43AD2B882B5461D50010B718 /* Categories.swift in Sources */,
				43FA00CE2B2316620035E6FC /* ChatViewModel.swift in Sources */,
				43FA00F62B2316620035E6FC /* CreateCommunityPageView.swift in Sources */,
				43AD2B8C2B5534A50010B718 /* BadgeManager.swift in Sources */,
				43FA00EC2B2316620035E6FC /* ChatMembersView.swift in Sources */,
				43FA00EA2B2316620035E6FC /* CommunityPageView.swift in Sources */,
				43AD2B6B2B4E7BF40010B718 /* BadgeView.swift in Sources */,
				43FA00F12B2316620035E6FC /* ProfilePageView.swift in Sources */,
				43FA00D92B2316620035E6FC /* MessageInputComponent.swift in Sources */,
				43AD2B752B4E84A00010B718 /* CardComponent.swift in Sources */,
				43FA00DC2B2316620035E6FC /* StudyScheduleComponent.swift in Sources */,
				43FA00D52B2316620035E6FC /* ProfileViewModel.swift in Sources */,
				43AD2B722B4E7F860010B718 /* CommunityCardComponent.swift in Sources */,
				43FA00ED2B2316620035E6FC /* DiscoverPageView.swift in Sources */,
				43AD2B7D2B5432530010B718 /* CustomTextFieldWithSymbol.swift in Sources */,
				ACF273992A41FD9F00DB1BA3 /* studybuddyApp.swift in Sources */,
				43FA00D02B2316620035E6FC /* CommunityViewModel.swift in Sources */,
				ACF808532A42D95F0050D549 /* UserModel.swift in Sources */,
				43FA00DF2B2316620035E6FC /* PillsButtonComponent.swift in Sources */,
				43FA00CF2B2316620035E6FC /* BadgeViewModel.swift in Sources */,
				43FA00FB2B2316620035E6FC /* LoginPageView.swift in Sources */,
				43FA00F82B2316620035E6FC /* RegisterPageView.swift in Sources */,
				43AD2B8A2B5528750010B718 /* StorageManager.swift in Sources */,
				4342DBBA2B31C2AE00D79AF6 /* Images.swift in Sources */,
				43FA00DE2B2316620035E6FC /* MessageBubbleComponent.swift in Sources */,
				ACC72EC62A43EA650006AE64 /* Library.swift in Sources */,
				43FA00CD2B2316620035E6FC /* UserViewModel.swift in Sources */,
				43FA00E62B2316620035E6FC /* HeaderComponent.swift in Sources */,
				43FA00D82B2316620035E6FC /* ChatRoomInfoComponent.swift in Sources */,
				43FA00E42B2316620035E6FC /* ProfileHeaderComponent.swift in Sources */,
				43C9720F2A4AF081000D1E6B /* LibraryViewModel.swift in Sources */,
			);
			runOnlyForDeploymentPostprocessing = 0;
		};
/* End PBXSourcesBuildPhase section */

/* Begin XCBuildConfiguration section */
		ACF273A12A41FDA100DB1BA3 /* Debug */ = {
			isa = XCBuildConfiguration;
			buildSettings = {
				ALWAYS_SEARCH_USER_PATHS = NO;
				CLANG_ANALYZER_NONNULL = YES;
				CLANG_ANALYZER_NUMBER_OBJECT_CONVERSION = YES_AGGRESSIVE;
				CLANG_CXX_LANGUAGE_STANDARD = "gnu++20";
				CLANG_ENABLE_MODULES = YES;
				CLANG_ENABLE_OBJC_ARC = YES;
				CLANG_ENABLE_OBJC_WEAK = YES;
				CLANG_WARN_BLOCK_CAPTURE_AUTORELEASING = YES;
				CLANG_WARN_BOOL_CONVERSION = YES;
				CLANG_WARN_COMMA = YES;
				CLANG_WARN_CONSTANT_CONVERSION = YES;
				CLANG_WARN_DEPRECATED_OBJC_IMPLEMENTATIONS = YES;
				CLANG_WARN_DIRECT_OBJC_ISA_USAGE = YES_ERROR;
				CLANG_WARN_DOCUMENTATION_COMMENTS = YES;
				CLANG_WARN_EMPTY_BODY = YES;
				CLANG_WARN_ENUM_CONVERSION = YES;
				CLANG_WARN_INFINITE_RECURSION = YES;
				CLANG_WARN_INT_CONVERSION = YES;
				CLANG_WARN_NON_LITERAL_NULL_CONVERSION = YES;
				CLANG_WARN_OBJC_IMPLICIT_RETAIN_SELF = YES;
				CLANG_WARN_OBJC_LITERAL_CONVERSION = YES;
				CLANG_WARN_OBJC_ROOT_CLASS = YES_ERROR;
				CLANG_WARN_QUOTED_INCLUDE_IN_FRAMEWORK_HEADER = YES;
				CLANG_WARN_RANGE_LOOP_ANALYSIS = YES;
				CLANG_WARN_STRICT_PROTOTYPES = YES;
				CLANG_WARN_SUSPICIOUS_MOVE = YES;
				CLANG_WARN_UNGUARDED_AVAILABILITY = YES_AGGRESSIVE;
				CLANG_WARN_UNREACHABLE_CODE = YES;
				CLANG_WARN__DUPLICATE_METHOD_MATCH = YES;
				COPY_PHASE_STRIP = NO;
				DEBUG_INFORMATION_FORMAT = dwarf;
				ENABLE_STRICT_OBJC_MSGSEND = YES;
				ENABLE_TESTABILITY = YES;
				GCC_C_LANGUAGE_STANDARD = gnu11;
				GCC_DYNAMIC_NO_PIC = NO;
				GCC_NO_COMMON_BLOCKS = YES;
				GCC_OPTIMIZATION_LEVEL = 0;
				GCC_PREPROCESSOR_DEFINITIONS = (
					"DEBUG=1",
					"$(inherited)",
				);
				GCC_WARN_64_TO_32_BIT_CONVERSION = YES;
				GCC_WARN_ABOUT_RETURN_TYPE = YES_ERROR;
				GCC_WARN_UNDECLARED_SELECTOR = YES;
				GCC_WARN_UNINITIALIZED_AUTOS = YES_AGGRESSIVE;
				GCC_WARN_UNUSED_FUNCTION = YES;
				GCC_WARN_UNUSED_VARIABLE = YES;
				IPHONEOS_DEPLOYMENT_TARGET = 16.4;
				MTL_ENABLE_DEBUG_INFO = INCLUDE_SOURCE;
				MTL_FAST_MATH = YES;
				ONLY_ACTIVE_ARCH = YES;
				SDKROOT = iphoneos;
				SWIFT_ACTIVE_COMPILATION_CONDITIONS = DEBUG;
				SWIFT_OPTIMIZATION_LEVEL = "-Onone";
			};
			name = Debug;
		};
		ACF273A22A41FDA100DB1BA3 /* Release */ = {
			isa = XCBuildConfiguration;
			buildSettings = {
				ALWAYS_SEARCH_USER_PATHS = NO;
				CLANG_ANALYZER_NONNULL = YES;
				CLANG_ANALYZER_NUMBER_OBJECT_CONVERSION = YES_AGGRESSIVE;
				CLANG_CXX_LANGUAGE_STANDARD = "gnu++20";
				CLANG_ENABLE_MODULES = YES;
				CLANG_ENABLE_OBJC_ARC = YES;
				CLANG_ENABLE_OBJC_WEAK = YES;
				CLANG_WARN_BLOCK_CAPTURE_AUTORELEASING = YES;
				CLANG_WARN_BOOL_CONVERSION = YES;
				CLANG_WARN_COMMA = YES;
				CLANG_WARN_CONSTANT_CONVERSION = YES;
				CLANG_WARN_DEPRECATED_OBJC_IMPLEMENTATIONS = YES;
				CLANG_WARN_DIRECT_OBJC_ISA_USAGE = YES_ERROR;
				CLANG_WARN_DOCUMENTATION_COMMENTS = YES;
				CLANG_WARN_EMPTY_BODY = YES;
				CLANG_WARN_ENUM_CONVERSION = YES;
				CLANG_WARN_INFINITE_RECURSION = YES;
				CLANG_WARN_INT_CONVERSION = YES;
				CLANG_WARN_NON_LITERAL_NULL_CONVERSION = YES;
				CLANG_WARN_OBJC_IMPLICIT_RETAIN_SELF = YES;
				CLANG_WARN_OBJC_LITERAL_CONVERSION = YES;
				CLANG_WARN_OBJC_ROOT_CLASS = YES_ERROR;
				CLANG_WARN_QUOTED_INCLUDE_IN_FRAMEWORK_HEADER = YES;
				CLANG_WARN_RANGE_LOOP_ANALYSIS = YES;
				CLANG_WARN_STRICT_PROTOTYPES = YES;
				CLANG_WARN_SUSPICIOUS_MOVE = YES;
				CLANG_WARN_UNGUARDED_AVAILABILITY = YES_AGGRESSIVE;
				CLANG_WARN_UNREACHABLE_CODE = YES;
				CLANG_WARN__DUPLICATE_METHOD_MATCH = YES;
				COPY_PHASE_STRIP = NO;
				DEBUG_INFORMATION_FORMAT = "dwarf-with-dsym";
				ENABLE_NS_ASSERTIONS = NO;
				ENABLE_STRICT_OBJC_MSGSEND = YES;
				GCC_C_LANGUAGE_STANDARD = gnu11;
				GCC_NO_COMMON_BLOCKS = YES;
				GCC_WARN_64_TO_32_BIT_CONVERSION = YES;
				GCC_WARN_ABOUT_RETURN_TYPE = YES_ERROR;
				GCC_WARN_UNDECLARED_SELECTOR = YES;
				GCC_WARN_UNINITIALIZED_AUTOS = YES_AGGRESSIVE;
				GCC_WARN_UNUSED_FUNCTION = YES;
				GCC_WARN_UNUSED_VARIABLE = YES;
				IPHONEOS_DEPLOYMENT_TARGET = 16.4;
				MTL_ENABLE_DEBUG_INFO = NO;
				MTL_FAST_MATH = YES;
				SDKROOT = iphoneos;
				SWIFT_COMPILATION_MODE = wholemodule;
				SWIFT_OPTIMIZATION_LEVEL = "-O";
				VALIDATE_PRODUCT = YES;
			};
			name = Release;
		};
		ACF273A42A41FDA100DB1BA3 /* Debug */ = {
			isa = XCBuildConfiguration;
			buildSettings = {
				ASSETCATALOG_COMPILER_APPICON_NAME = AppIcon;
				ASSETCATALOG_COMPILER_GLOBAL_ACCENT_COLOR_NAME = AccentColor;
				CODE_SIGN_ENTITLEMENTS = studybuddy/studybuddy.entitlements;
				CODE_SIGN_STYLE = Automatic;
				CURRENT_PROJECT_VERSION = 1;
				DEVELOPMENT_ASSET_PATHS = "\"studybuddy/Preview Content\"";
				DEVELOPMENT_TEAM = 68FYPQ879D;
				ENABLE_PREVIEWS = YES;
				GENERATE_INFOPLIST_FILE = YES;
				INFOPLIST_FILE = studybuddy/Info.plist;
				INFOPLIST_KEY_CFBundleDisplayName = "Study Buddy";
				INFOPLIST_KEY_LSSupportsOpeningDocumentsInPlace = YES;
				INFOPLIST_KEY_NSCalendarsUsageDescription = "Allow access to Calendar in order to save events";
				INFOPLIST_KEY_UIApplicationSceneManifest_Generation = YES;
				INFOPLIST_KEY_UIApplicationSupportsIndirectInputEvents = YES;
				INFOPLIST_KEY_UILaunchScreen_Generation = YES;
				INFOPLIST_KEY_UISupportedInterfaceOrientations = UIInterfaceOrientationPortrait;
				INFOPLIST_KEY_UISupportedInterfaceOrientations_iPad = "UIInterfaceOrientationLandscapeLeft UIInterfaceOrientationLandscapeRight UIInterfaceOrientationPortrait UIInterfaceOrientationPortraitUpsideDown";
				INFOPLIST_KEY_UIUserInterfaceStyle = Light;
				LD_RUNPATH_SEARCH_PATHS = (
					"$(inherited)",
					"@executable_path/Frameworks",
				);
				MARKETING_VERSION = 1.0;
				PRODUCT_BUNDLE_IDENTIFIER = keziaglr.studybuddy;
				PRODUCT_NAME = "$(TARGET_NAME)";
				SWIFT_EMIT_LOC_STRINGS = YES;
				SWIFT_VERSION = 5.0;
				TARGETED_DEVICE_FAMILY = "1,2";
			};
			name = Debug;
		};
		ACF273A52A41FDA100DB1BA3 /* Release */ = {
			isa = XCBuildConfiguration;
			buildSettings = {
				ASSETCATALOG_COMPILER_APPICON_NAME = AppIcon;
				ASSETCATALOG_COMPILER_GLOBAL_ACCENT_COLOR_NAME = AccentColor;
				CODE_SIGN_ENTITLEMENTS = studybuddy/studybuddy.entitlements;
				CODE_SIGN_STYLE = Automatic;
				CURRENT_PROJECT_VERSION = 1;
				DEVELOPMENT_ASSET_PATHS = "\"studybuddy/Preview Content\"";
				DEVELOPMENT_TEAM = 68FYPQ879D;
				ENABLE_PREVIEWS = YES;
				GENERATE_INFOPLIST_FILE = YES;
				INFOPLIST_FILE = studybuddy/Info.plist;
				INFOPLIST_KEY_CFBundleDisplayName = "Study Buddy";
				INFOPLIST_KEY_LSSupportsOpeningDocumentsInPlace = YES;
				INFOPLIST_KEY_NSCalendarsUsageDescription = "Allow access to Calendar in order to save events";
				INFOPLIST_KEY_UIApplicationSceneManifest_Generation = YES;
				INFOPLIST_KEY_UIApplicationSupportsIndirectInputEvents = YES;
				INFOPLIST_KEY_UILaunchScreen_Generation = YES;
				INFOPLIST_KEY_UISupportedInterfaceOrientations = UIInterfaceOrientationPortrait;
				INFOPLIST_KEY_UISupportedInterfaceOrientations_iPad = "UIInterfaceOrientationLandscapeLeft UIInterfaceOrientationLandscapeRight UIInterfaceOrientationPortrait UIInterfaceOrientationPortraitUpsideDown";
				INFOPLIST_KEY_UIUserInterfaceStyle = Light;
				LD_RUNPATH_SEARCH_PATHS = (
					"$(inherited)",
					"@executable_path/Frameworks",
				);
				MARKETING_VERSION = 1.0;
				PRODUCT_BUNDLE_IDENTIFIER = keziaglr.studybuddy;
				PRODUCT_NAME = "$(TARGET_NAME)";
				SWIFT_EMIT_LOC_STRINGS = YES;
				SWIFT_VERSION = 5.0;
				TARGETED_DEVICE_FAMILY = "1,2";
			};
			name = Release;
		};
/* End XCBuildConfiguration section */

/* Begin XCConfigurationList section */
		ACF273902A41FD9F00DB1BA3 /* Build configuration list for PBXProject "studybuddy" */ = {
			isa = XCConfigurationList;
			buildConfigurations = (
				ACF273A12A41FDA100DB1BA3 /* Debug */,
				ACF273A22A41FDA100DB1BA3 /* Release */,
			);
			defaultConfigurationIsVisible = 0;
			defaultConfigurationName = Release;
		};
		ACF273A32A41FDA100DB1BA3 /* Build configuration list for PBXNativeTarget "studybuddy" */ = {
			isa = XCConfigurationList;
			buildConfigurations = (
				ACF273A42A41FDA100DB1BA3 /* Debug */,
				ACF273A52A41FDA100DB1BA3 /* Release */,
			);
			defaultConfigurationIsVisible = 0;
			defaultConfigurationName = Release;
		};
/* End XCConfigurationList section */

/* Begin XCRemoteSwiftPackageReference section */
		43AD2B7E2B5433680010B718 /* XCRemoteSwiftPackageReference "lottie-spm" */ = {
			isa = XCRemoteSwiftPackageReference;
			repositoryURL = "https://github.com/airbnb/lottie-spm.git";
			requirement = {
				kind = upToNextMajorVersion;
				minimumVersion = 4.3.4;
			};
		};
		43AD2B812B5438850010B718 /* XCRemoteSwiftPackageReference "LottieUI" */ = {
			isa = XCRemoteSwiftPackageReference;
			repositoryURL = "https://github.com/tfmart/LottieUI";
			requirement = {
				kind = upToNextMajorVersion;
				minimumVersion = 1.3.1;
			};
		};
		43AD2B8D2B55C5F60010B718 /* XCRemoteSwiftPackageReference "Kingfisher" */ = {
			isa = XCRemoteSwiftPackageReference;
			repositoryURL = "https://github.com/onevcat/Kingfisher.git";
			requirement = {
				kind = upToNextMajorVersion;
				minimumVersion = 7.10.2;
			};
		};
		767B37002A4D2570004B38FE /* XCRemoteSwiftPackageReference "firebase-ios-sdk" */ = {
			isa = XCRemoteSwiftPackageReference;
			repositoryURL = "https://github.com/firebase/firebase-ios-sdk";
			requirement = {
				kind = upToNextMajorVersion;
				minimumVersion = 10.0.0;
			};
		};
/* End XCRemoteSwiftPackageReference section */

/* Begin XCSwiftPackageProductDependency section */
		43AD2B7F2B5433680010B718 /* Lottie */ = {
			isa = XCSwiftPackageProductDependency;
			package = 43AD2B7E2B5433680010B718 /* XCRemoteSwiftPackageReference "lottie-spm" */;
			productName = Lottie;
		};
		43AD2B822B5438850010B718 /* LottieUI */ = {
			isa = XCSwiftPackageProductDependency;
			package = 43AD2B812B5438850010B718 /* XCRemoteSwiftPackageReference "LottieUI" */;
			productName = LottieUI;
		};
		43AD2B8E2B55C5F60010B718 /* Kingfisher */ = {
			isa = XCSwiftPackageProductDependency;
			package = 43AD2B8D2B55C5F60010B718 /* XCRemoteSwiftPackageReference "Kingfisher" */;
			productName = Kingfisher;
		};
		767B370D2A4D2570004B38FE /* FirebaseAuth */ = {
			isa = XCSwiftPackageProductDependency;
			package = 767B37002A4D2570004B38FE /* XCRemoteSwiftPackageReference "firebase-ios-sdk" */;
			productName = FirebaseAuth;
		};
		767B37192A4D2570004B38FE /* FirebaseFirestore */ = {
			isa = XCSwiftPackageProductDependency;
			package = 767B37002A4D2570004B38FE /* XCRemoteSwiftPackageReference "firebase-ios-sdk" */;
			productName = FirebaseFirestore;
		};
		767B371D2A4D2570004B38FE /* FirebaseFirestoreSwift */ = {
			isa = XCSwiftPackageProductDependency;
			package = 767B37002A4D2570004B38FE /* XCRemoteSwiftPackageReference "firebase-ios-sdk" */;
			productName = FirebaseFirestoreSwift;
		};
		767B372B2A4D2570004B38FE /* FirebaseMessaging */ = {
			isa = XCSwiftPackageProductDependency;
			package = 767B37002A4D2570004B38FE /* XCRemoteSwiftPackageReference "firebase-ios-sdk" */;
			productName = FirebaseMessaging;
		};
		767B37332A4D2570004B38FE /* FirebaseStorage */ = {
			isa = XCSwiftPackageProductDependency;
			package = 767B37002A4D2570004B38FE /* XCRemoteSwiftPackageReference "firebase-ios-sdk" */;
			productName = FirebaseStorage;
		};
/* End XCSwiftPackageProductDependency section */
	};
	rootObject = ACF2738D2A41FD9F00DB1BA3 /* Project object */;
}
